// !$*UTF8*$!
{
	archiveVersion = 1;
	classes = {
	};
	objectVersion = 46;
	objects = {

/* Begin PBXBuildFile section */
		189954C61F1CE986004CCEBE /* OTWShopDetailsViewCell.m in Sources */ = {isa = PBXBuildFile; fileRef = 189954C51F1CE986004CCEBE /* OTWShopDetailsViewCell.m */; };
		189954C91F1DAD3C004CCEBE /* OTWPersonalFootprintsListController.m in Sources */ = {isa = PBXBuildFile; fileRef = 189954C81F1DAD3C004CCEBE /* OTWPersonalFootprintsListController.m */; };
		189954CC1F1DAD5E004CCEBE /* OTWPersonalFootprintsListModel.m in Sources */ = {isa = PBXBuildFile; fileRef = 189954CB1F1DAD5E004CCEBE /* OTWPersonalFootprintsListModel.m */; };
		189954D51F1DAE4A004CCEBE /* OTWPersonalFootprintsListTableViewCell.m in Sources */ = {isa = PBXBuildFile; fileRef = 189954D41F1DAE4A004CCEBE /* OTWPersonalFootprintsListTableViewCell.m */; };
		18B034B91F139C1500F53461 /* OTWPersonalSiteController.m in Sources */ = {isa = PBXBuildFile; fileRef = 18B034B81F139C1500F53461 /* OTWPersonalSiteController.m */; };
		18B034BC1F14A42800F53461 /* OTWPersonalViewController.m in Sources */ = {isa = PBXBuildFile; fileRef = 18B034BB1F14A42800F53461 /* OTWPersonalViewController.m */; };
		18B034BF1F15C9BD00F53461 /* OTWFindViewCell.m in Sources */ = {isa = PBXBuildFile; fileRef = 18B034BE1F15C9BD00F53461 /* OTWFindViewCell.m */; };
		18B034C21F15CC3F00F53461 /* OTWFindModel.m in Sources */ = {isa = PBXBuildFile; fileRef = 18B034C11F15CC3F00F53461 /* OTWFindModel.m */; };
		18B034C51F171BC100F53461 /* OTWFindBusinessmenController.m in Sources */ = {isa = PBXBuildFile; fileRef = 18B034C41F171BC100F53461 /* OTWFindBusinessmenController.m */; };
		18B034C81F171BE400F53461 /* OTWFindBusinessmenModel.m in Sources */ = {isa = PBXBuildFile; fileRef = 18B034C71F171BE400F53461 /* OTWFindBusinessmenModel.m */; };
		18B034CB1F171C0900F53461 /* OTWFindBusinessmenViewCell.m in Sources */ = {isa = PBXBuildFile; fileRef = 18B034CA1F171C0900F53461 /* OTWFindBusinessmenViewCell.m */; };
		18B034CD1F171ED300F53461 /* OTWFindBusinessmen.plist in Resources */ = {isa = PBXBuildFile; fileRef = 18B034CC1F171ED300F53461 /* OTWFindBusinessmen.plist */; };
		18B034E11F1CE42700F53461 /* OTWFindViewController.m in Sources */ = {isa = PBXBuildFile; fileRef = 18B034E01F1CE42700F53461 /* OTWFindViewController.m */; };
		18B034E41F1CE6B300F53461 /* OTWShopDetailsController.m in Sources */ = {isa = PBXBuildFile; fileRef = 18B034E31F1CE6B300F53461 /* OTWShopDetailsController.m */; };
		18BC9E441F1F716F00C7B6C1 /* OTWPersonalFootprintMonthDataModel.m in Sources */ = {isa = PBXBuildFile; fileRef = 18BC9E421F1F716F00C7B6C1 /* OTWPersonalFootprintMonthDataModel.m */; };
		18BC9E461F1F71B900C7B6C1 /* OTWUserFootprintList.plist in Resources */ = {isa = PBXBuildFile; fileRef = 18BC9E451F1F71B900C7B6C1 /* OTWUserFootprintList.plist */; };
		B13ADA1D1F1B23DA008E889C /* OTWSystemNewsViewController.m in Sources */ = {isa = PBXBuildFile; fileRef = B13ADA1C1F1B23DA008E889C /* OTWSystemNewsViewController.m */; };
		B13ADA201F1C5508008E889C /* OTWSystemNewsCell.m in Sources */ = {isa = PBXBuildFile; fileRef = B13ADA1F1F1C5508008E889C /* OTWSystemNewsCell.m */; };
		B13ADA231F1C5660008E889C /* OTWSystemNewsCellFrame.m in Sources */ = {isa = PBXBuildFile; fileRef = B13ADA221F1C5660008E889C /* OTWSystemNewsCellFrame.m */; };
		B13ADA281F1C9932008E889C /* OTWSystemNews.plist in Resources */ = {isa = PBXBuildFile; fileRef = B13ADA271F1C9932008E889C /* OTWSystemNews.plist */; };
		D7F6AFF61F0D32FB0013090A /* main.m in Sources */ = {isa = PBXBuildFile; fileRef = D7F6AFF51F0D32FB0013090A /* main.m */; };
		D7F6AFF91F0D32FB0013090A /* AppDelegate.m in Sources */ = {isa = PBXBuildFile; fileRef = D7F6AFF81F0D32FB0013090A /* AppDelegate.m */; };
		D7F6B0041F0D32FB0013090A /* LaunchScreen.storyboard in Resources */ = {isa = PBXBuildFile; fileRef = D7F6B0021F0D32FB0013090A /* LaunchScreen.storyboard */; };
		D7F6B00F1F0D32FB0013090A /* OnTheWayTests.m in Sources */ = {isa = PBXBuildFile; fileRef = D7F6B00E1F0D32FB0013090A /* OnTheWayTests.m */; };
		D7F6B01A1F0D32FB0013090A /* OnTheWayUITests.m in Sources */ = {isa = PBXBuildFile; fileRef = D7F6B0191F0D32FB0013090A /* OnTheWayUITests.m */; };
		D7F6B0371F0D38EA0013090A /* README.md in Sources */ = {isa = PBXBuildFile; fileRef = D7F6B0361F0D38EA0013090A /* README.md */; };
		D7F6B03D1F0D39060013090A /* README.md in Sources */ = {isa = PBXBuildFile; fileRef = D7F6B03B1F0D39060013090A /* README.md */; };
		D7F6B0401F0D390D0013090A /* README.md in Sources */ = {isa = PBXBuildFile; fileRef = D7F6B03F1F0D390D0013090A /* README.md */; };
		D7F6B0431F0D39160013090A /* README.md in Sources */ = {isa = PBXBuildFile; fileRef = D7F6B0421F0D39160013090A /* README.md */; };
		D7F6B0461F0D39320013090A /* README.md in Sources */ = {isa = PBXBuildFile; fileRef = D7F6B0451F0D39320013090A /* README.md */; };
		D7F6B0491F0D39390013090A /* README.md in Sources */ = {isa = PBXBuildFile; fileRef = D7F6B0481F0D39390013090A /* README.md */; };
		D7F6B04C1F0DCB9D0013090A /* OTWCustomNavigationBar.m in Sources */ = {isa = PBXBuildFile; fileRef = D7F6B04B1F0DCB9D0013090A /* OTWCustomNavigationBar.m */; };
		D7F6B0541F0DCE420013090A /* UIView+Frame.m in Sources */ = {isa = PBXBuildFile; fileRef = D7F6B0531F0DCE420013090A /* UIView+Frame.m */; };
		D7F6B0581F0DCF040013090A /* UIColor+Utils.m in Sources */ = {isa = PBXBuildFile; fileRef = D7F6B0571F0DCF040013090A /* UIColor+Utils.m */; };
		D7F6B05B1F0DD0280013090A /* OTWBaseViewController.m in Sources */ = {isa = PBXBuildFile; fileRef = D7F6B05A1F0DD0280013090A /* OTWBaseViewController.m */; };
		D7F6B05E1F0DD1D80013090A /* OTWRootViewController.m in Sources */ = {isa = PBXBuildFile; fileRef = D7F6B05D1F0DD1D80013090A /* OTWRootViewController.m */; };
		D7F6B0781F0DD3F90013090A /* OTWNewsViewController.m in Sources */ = {isa = PBXBuildFile; fileRef = D7F6B0771F0DD3F90013090A /* OTWNewsViewController.m */; };
		D7F6B07B1F0DD41F0013090A /* OTWFootprintsViewController.m in Sources */ = {isa = PBXBuildFile; fileRef = D7F6B07A1F0DD41F0013090A /* OTWFootprintsViewController.m */; };
		D7F6B0811F0DD44C0013090A /* OTWARViewController.m in Sources */ = {isa = PBXBuildFile; fileRef = D7F6B0801F0DD44C0013090A /* OTWARViewController.m */; };
		D7F6B08B1F0DD5370013090A /* UIImage+Color.m in Sources */ = {isa = PBXBuildFile; fileRef = D7F6B08A1F0DD5370013090A /* UIImage+Color.m */; };
		D7F6B09A1F0F75510013090A /* OTWLaunchViewController.m in Sources */ = {isa = PBXBuildFile; fileRef = D7F6B0971F0F75510013090A /* OTWLaunchViewController.m */; };
		D7F6B09D1F0F75770013090A /* OTWLaunchManager.m in Sources */ = {isa = PBXBuildFile; fileRef = D7F6B09C1F0F75770013090A /* OTWLaunchManager.m */; };
		D7F6B0A91F1081850013090A /* OTWNetworkManager.m in Sources */ = {isa = PBXBuildFile; fileRef = D7F6B0A81F1081850013090A /* OTWNetworkManager.m */; };
		D7F6B0B31F1089400013090A /* OTWLoginService.m in Sources */ = {isa = PBXBuildFile; fileRef = D7F6B0B21F1089400013090A /* OTWLoginService.m */; };
		D7F6B0B61F10AA2D0013090A /* OTWLoginViewController.m in Sources */ = {isa = PBXBuildFile; fileRef = D7F6B0B51F10AA2D0013090A /* OTWLoginViewController.m */; };
		D7F6B0B91F14E5C60013090A /* OTWCustomTabBar.m in Sources */ = {isa = PBXBuildFile; fileRef = D7F6B0B81F14E5C60013090A /* OTWCustomTabBar.m */; };
		D7F6B0BC1F14E9E00013090A /* OTWCustomTabBarItem.m in Sources */ = {isa = PBXBuildFile; fileRef = D7F6B0BB1F14E9E00013090A /* OTWCustomTabBarItem.m */; };
		D7F6B0BF1F15C09E0013090A /* OTWTabBarController.m in Sources */ = {isa = PBXBuildFile; fileRef = D7F6B0BE1F15C09E0013090A /* OTWTabBarController.m */; };
		D7F6B0C61F160E590013090A /* OTWAlbumSelectHelper.m in Sources */ = {isa = PBXBuildFile; fileRef = D7F6B0C51F160E590013090A /* OTWAlbumSelectHelper.m */; };
		D7F6B0CB1F1627000013090A /* OTWNewsCell.m in Sources */ = {isa = PBXBuildFile; fileRef = D7F6B0CA1F1627000013090A /* OTWNewsCell.m */; };
		D8B4FC771A533A05D5B2B46D /* libPods-OnTheWay.a in Frameworks */ = {isa = PBXBuildFile; fileRef = 45C2D5CA9B6813E8ACAF6178 /* libPods-OnTheWay.a */; };
		DD14F23B1F1132FE004DFE4A /* NSString+RegexCategory.m in Sources */ = {isa = PBXBuildFile; fileRef = DD14F23A1F1132FE004DFE4A /* NSString+RegexCategory.m */; };
		DD14F2401F113654004DFE4A /* HmacUtils.m in Sources */ = {isa = PBXBuildFile; fileRef = DD14F23F1F113654004DFE4A /* HmacUtils.m */; };
		DD14F2431F114436004DFE4A /* CommonContact.m in Sources */ = {isa = PBXBuildFile; fileRef = DD14F2421F114436004DFE4A /* CommonContact.m */; };
		DD14F2451F11CB5F004DFE4A /* GCTokenManager.m in Sources */ = {isa = PBXBuildFile; fileRef = DD14F2441F11CB5F004DFE4A /* GCTokenManager.m */; };
		DD14F2481F11CDCA004DFE4A /* GCTokenModel.m in Sources */ = {isa = PBXBuildFile; fileRef = DD14F2471F11CDCA004DFE4A /* GCTokenModel.m */; };
		DD3520941F18670800E8D725 /* OTWFootprintDetailController.m in Sources */ = {isa = PBXBuildFile; fileRef = DD3520931F18670800E8D725 /* OTWFootprintDetailController.m */; };
		DD3520961F186E0700E8D725 /* OTWFootprintDetailModel.m in Sources */ = {isa = PBXBuildFile; fileRef = DD3520951F186E0700E8D725 /* OTWFootprintDetailModel.m */; };
		DD35209A1F18715400E8D725 /* OTWCommentModel.m in Sources */ = {isa = PBXBuildFile; fileRef = DD3520991F18715400E8D725 /* OTWCommentModel.m */; };
		DD35209D1F188FBF00E8D725 /* OTWFootprintDetailViewCell.m in Sources */ = {isa = PBXBuildFile; fileRef = DD35209C1F188FBF00E8D725 /* OTWFootprintDetailViewCell.m */; };
		DD9452EE1F15CC29004EDDED /* OTWFootprintListModel.m in Sources */ = {isa = PBXBuildFile; fileRef = DD9452ED1F15CC29004EDDED /* OTWFootprintListModel.m */; };
		DD9452F01F15D139004EDDED /* OTWFootprintListTableViewCell.m in Sources */ = {isa = PBXBuildFile; fileRef = DD9452EF1F15D139004EDDED /* OTWFootprintListTableViewCell.m */; };
		DD9452F31F15DE23004EDDED /* OTWFootprintListFrame.m in Sources */ = {isa = PBXBuildFile; fileRef = DD9452F21F15DE23004EDDED /* OTWFootprintListFrame.m */; };
		DD9452F51F160CD7004EDDED /* OTWFootprintList.plist in Resources */ = {isa = PBXBuildFile; fileRef = DD9452F41F160CD7004EDDED /* OTWFootprintList.plist */; };
		DDABAA4B1F12801E00010532 /* OTWPersonalEditNicknameController.m in Sources */ = {isa = PBXBuildFile; fileRef = DDABAA4A1F12801E00010532 /* OTWPersonalEditNicknameController.m */; };
		DDB8C29A1F1320B90091E7B0 /* OTWPersonalInfoController.m in Sources */ = {isa = PBXBuildFile; fileRef = DDB8C2991F1320B90091E7B0 /* OTWPersonalInfoController.m */; };
		DDB8C29F1F14AF230091E7B0 /* OTWUserModel.m in Sources */ = {isa = PBXBuildFile; fileRef = DDB8C29E1F14AF230091E7B0 /* OTWUserModel.m */; };
		DDC0A93A1F1F77D100A6E4DB /* OTWSystemNewsModel.m in Sources */ = {isa = PBXBuildFile; fileRef = DDC0A9391F1F77D100A6E4DB /* OTWSystemNewsModel.m */; };
		DDD4AB4B1F1AFC6900D42CF3 /* OTWFootprintDetailFrame.m in Sources */ = {isa = PBXBuildFile; fileRef = DDD4AB4A1F1AFC6900D42CF3 /* OTWFootprintDetailFrame.m */; };
		DDD4AB4E1F1B020400D42CF3 /* OTWCommentFrame.m in Sources */ = {isa = PBXBuildFile; fileRef = DDD4AB4D1F1B020400D42CF3 /* OTWCommentFrame.m */; };
		DDDAE08F1F1CFA5B00981E60 /* OTWFootprintDetail.plist in Resources */ = {isa = PBXBuildFile; fileRef = DDDAE08E1F1CFA5B00981E60 /* OTWFootprintDetail.plist */; };
		DDDAE0931F1F0D4C00981E60 /* Assets.xcassets in Resources */ = {isa = PBXBuildFile; fileRef = DDDAE0921F1F0D4C00981E60 /* Assets.xcassets */; };
/* End PBXBuildFile section */

/* Begin PBXContainerItemProxy section */
		D7F6B00B1F0D32FB0013090A /* PBXContainerItemProxy */ = {
			isa = PBXContainerItemProxy;
			containerPortal = D7F6AFE91F0D32FA0013090A /* Project object */;
			proxyType = 1;
			remoteGlobalIDString = D7F6AFF01F0D32FA0013090A;
			remoteInfo = OnTheWay;
		};
		D7F6B0161F0D32FB0013090A /* PBXContainerItemProxy */ = {
			isa = PBXContainerItemProxy;
			containerPortal = D7F6AFE91F0D32FA0013090A /* Project object */;
			proxyType = 1;
			remoteGlobalIDString = D7F6AFF01F0D32FA0013090A;
			remoteInfo = OnTheWay;
		};
/* End PBXContainerItemProxy section */

/* Begin PBXFileReference section */
		189954C41F1CE986004CCEBE /* OTWShopDetailsViewCell.h */ = {isa = PBXFileReference; fileEncoding = 4; lastKnownFileType = sourcecode.c.h; name = OTWShopDetailsViewCell.h; path = OnTheWay/Pages/Find/Controller/OTWShopDetailsViewCell.h; sourceTree = SOURCE_ROOT; };
		189954C51F1CE986004CCEBE /* OTWShopDetailsViewCell.m */ = {isa = PBXFileReference; fileEncoding = 4; lastKnownFileType = sourcecode.c.objc; name = OTWShopDetailsViewCell.m; path = OnTheWay/Pages/Find/Controller/OTWShopDetailsViewCell.m; sourceTree = SOURCE_ROOT; };
		189954C71F1DAD3C004CCEBE /* OTWPersonalFootprintsListController.h */ = {isa = PBXFileReference; fileEncoding = 4; lastKnownFileType = sourcecode.c.h; path = OTWPersonalFootprintsListController.h; sourceTree = "<group>"; };
		189954C81F1DAD3C004CCEBE /* OTWPersonalFootprintsListController.m */ = {isa = PBXFileReference; fileEncoding = 4; lastKnownFileType = sourcecode.c.objc; path = OTWPersonalFootprintsListController.m; sourceTree = "<group>"; };
		189954CA1F1DAD5E004CCEBE /* OTWPersonalFootprintsListModel.h */ = {isa = PBXFileReference; fileEncoding = 4; lastKnownFileType = sourcecode.c.h; path = OTWPersonalFootprintsListModel.h; sourceTree = "<group>"; };
		189954CB1F1DAD5E004CCEBE /* OTWPersonalFootprintsListModel.m */ = {isa = PBXFileReference; fileEncoding = 4; lastKnownFileType = sourcecode.c.objc; path = OTWPersonalFootprintsListModel.m; sourceTree = "<group>"; };
		189954D31F1DAE4A004CCEBE /* OTWPersonalFootprintsListTableViewCell.h */ = {isa = PBXFileReference; fileEncoding = 4; lastKnownFileType = sourcecode.c.h; name = OTWPersonalFootprintsListTableViewCell.h; path = OnTheWay/Pages/Personal/Model/OTWPersonalFootprintsListTableViewCell.h; sourceTree = SOURCE_ROOT; };
		189954D41F1DAE4A004CCEBE /* OTWPersonalFootprintsListTableViewCell.m */ = {isa = PBXFileReference; fileEncoding = 4; lastKnownFileType = sourcecode.c.objc; name = OTWPersonalFootprintsListTableViewCell.m; path = OnTheWay/Pages/Personal/Model/OTWPersonalFootprintsListTableViewCell.m; sourceTree = SOURCE_ROOT; };
		18B034B71F139BE000F53461 /* OTWPersonalSiteController.h */ = {isa = PBXFileReference; lastKnownFileType = sourcecode.c.h; path = OTWPersonalSiteController.h; sourceTree = "<group>"; };
		18B034B81F139C1500F53461 /* OTWPersonalSiteController.m */ = {isa = PBXFileReference; fileEncoding = 4; lastKnownFileType = sourcecode.c.objc; path = OTWPersonalSiteController.m; sourceTree = "<group>"; };
		18B034BA1F14A41A00F53461 /* OTWPersonalViewController.h */ = {isa = PBXFileReference; lastKnownFileType = sourcecode.c.h; path = OTWPersonalViewController.h; sourceTree = "<group>"; };
		18B034BB1F14A42800F53461 /* OTWPersonalViewController.m */ = {isa = PBXFileReference; fileEncoding = 4; lastKnownFileType = sourcecode.c.objc; path = OTWPersonalViewController.m; sourceTree = "<group>"; };
		18B034BD1F15C9AD00F53461 /* OTWFindViewCell.h */ = {isa = PBXFileReference; fileEncoding = 4; lastKnownFileType = sourcecode.c.h; name = OTWFindViewCell.h; path = OnTheWay/Pages/Personal/Controller/OTWFindViewCell.h; sourceTree = SOURCE_ROOT; };
		18B034BE1F15C9BD00F53461 /* OTWFindViewCell.m */ = {isa = PBXFileReference; fileEncoding = 4; lastKnownFileType = sourcecode.c.objc; name = OTWFindViewCell.m; path = OnTheWay/Pages/Personal/Controller/OTWFindViewCell.m; sourceTree = SOURCE_ROOT; };
		18B034C01F15CC3300F53461 /* OTWFindModel.h */ = {isa = PBXFileReference; fileEncoding = 4; lastKnownFileType = sourcecode.c.h; name = OTWFindModel.h; path = OnTheWay/Pages/Personal/Controller/OTWFindModel.h; sourceTree = SOURCE_ROOT; };
		18B034C11F15CC3F00F53461 /* OTWFindModel.m */ = {isa = PBXFileReference; fileEncoding = 4; lastKnownFileType = sourcecode.c.objc; name = OTWFindModel.m; path = OnTheWay/Pages/Personal/Controller/OTWFindModel.m; sourceTree = SOURCE_ROOT; };
		18B034C31F171BA900F53461 /* OTWFindBusinessmenController.h */ = {isa = PBXFileReference; lastKnownFileType = sourcecode.c.h; path = OTWFindBusinessmenController.h; sourceTree = "<group>"; };
		18B034C41F171BC100F53461 /* OTWFindBusinessmenController.m */ = {isa = PBXFileReference; fileEncoding = 4; lastKnownFileType = sourcecode.c.objc; path = OTWFindBusinessmenController.m; sourceTree = "<group>"; };
		18B034C61F171BD800F53461 /* OTWFindBusinessmenModel.h */ = {isa = PBXFileReference; lastKnownFileType = sourcecode.c.h; name = OTWFindBusinessmenModel.h; path = OnTheWay/Pages/Find/Controller/OTWFindBusinessmenModel.h; sourceTree = SOURCE_ROOT; };
		18B034C71F171BE400F53461 /* OTWFindBusinessmenModel.m */ = {isa = PBXFileReference; fileEncoding = 4; lastKnownFileType = sourcecode.c.objc; name = OTWFindBusinessmenModel.m; path = OnTheWay/Pages/Find/Controller/OTWFindBusinessmenModel.m; sourceTree = SOURCE_ROOT; };
		18B034C91F171BFD00F53461 /* OTWFindBusinessmenViewCell.h */ = {isa = PBXFileReference; lastKnownFileType = sourcecode.c.h; name = OTWFindBusinessmenViewCell.h; path = OnTheWay/Pages/Find/Controller/OTWFindBusinessmenViewCell.h; sourceTree = SOURCE_ROOT; };
		18B034CA1F171C0900F53461 /* OTWFindBusinessmenViewCell.m */ = {isa = PBXFileReference; fileEncoding = 4; lastKnownFileType = sourcecode.c.objc; name = OTWFindBusinessmenViewCell.m; path = OnTheWay/Pages/Find/Controller/OTWFindBusinessmenViewCell.m; sourceTree = SOURCE_ROOT; };
		18B034CC1F171ED300F53461 /* OTWFindBusinessmen.plist */ = {isa = PBXFileReference; fileEncoding = 4; lastKnownFileType = text.plist.xml; path = OTWFindBusinessmen.plist; sourceTree = "<group>"; };
		18B034DF1F1CE42700F53461 /* OTWFindViewController.h */ = {isa = PBXFileReference; fileEncoding = 4; lastKnownFileType = sourcecode.c.h; path = OTWFindViewController.h; sourceTree = "<group>"; };
		18B034E01F1CE42700F53461 /* OTWFindViewController.m */ = {isa = PBXFileReference; fileEncoding = 4; lastKnownFileType = sourcecode.c.objc; path = OTWFindViewController.m; sourceTree = "<group>"; };
		18B034E21F1CE6B300F53461 /* OTWShopDetailsController.h */ = {isa = PBXFileReference; fileEncoding = 4; lastKnownFileType = sourcecode.c.h; path = OTWShopDetailsController.h; sourceTree = "<group>"; };
		18B034E31F1CE6B300F53461 /* OTWShopDetailsController.m */ = {isa = PBXFileReference; fileEncoding = 4; lastKnownFileType = sourcecode.c.objc; path = OTWShopDetailsController.m; sourceTree = "<group>"; };
		18BC9E421F1F716F00C7B6C1 /* OTWPersonalFootprintMonthDataModel.m */ = {isa = PBXFileReference; fileEncoding = 4; lastKnownFileType = sourcecode.c.objc; path = OTWPersonalFootprintMonthDataModel.m; sourceTree = "<group>"; };
		18BC9E431F1F716F00C7B6C1 /* OTWPersonalFootprintMonthDataModel.h */ = {isa = PBXFileReference; fileEncoding = 4; lastKnownFileType = sourcecode.c.h; path = OTWPersonalFootprintMonthDataModel.h; sourceTree = "<group>"; };
		18BC9E451F1F71B900C7B6C1 /* OTWUserFootprintList.plist */ = {isa = PBXFileReference; fileEncoding = 4; lastKnownFileType = text.plist.xml; path = OTWUserFootprintList.plist; sourceTree = "<group>"; };
		45C2D5CA9B6813E8ACAF6178 /* libPods-OnTheWay.a */ = {isa = PBXFileReference; explicitFileType = archive.ar; includeInIndex = 0; path = "libPods-OnTheWay.a"; sourceTree = BUILT_PRODUCTS_DIR; };
		4B8637730B7A7E4B6ADD9FEE /* Pods-OnTheWay.debug.xcconfig */ = {isa = PBXFileReference; includeInIndex = 1; lastKnownFileType = text.xcconfig; name = "Pods-OnTheWay.debug.xcconfig"; path = "Pods/Target Support Files/Pods-OnTheWay/Pods-OnTheWay.debug.xcconfig"; sourceTree = "<group>"; };
		68C4FF114BC411D8C8AADB56 /* Pods-OnTheWay.release.xcconfig */ = {isa = PBXFileReference; includeInIndex = 1; lastKnownFileType = text.xcconfig; name = "Pods-OnTheWay.release.xcconfig"; path = "Pods/Target Support Files/Pods-OnTheWay/Pods-OnTheWay.release.xcconfig"; sourceTree = "<group>"; };
		B13ADA1B1F1B21D4008E889C /* OTWSystemNewsViewController.h */ = {isa = PBXFileReference; fileEncoding = 4; lastKnownFileType = sourcecode.c.h; path = OTWSystemNewsViewController.h; sourceTree = "<group>"; };
		B13ADA1C1F1B23DA008E889C /* OTWSystemNewsViewController.m */ = {isa = PBXFileReference; fileEncoding = 4; lastKnownFileType = sourcecode.c.objc; path = OTWSystemNewsViewController.m; sourceTree = "<group>"; };
		B13ADA1E1F1C54F3008E889C /* OTWSystemNewsCell.h */ = {isa = PBXFileReference; fileEncoding = 4; lastKnownFileType = sourcecode.c.h; path = OTWSystemNewsCell.h; sourceTree = "<group>"; };
		B13ADA1F1F1C5508008E889C /* OTWSystemNewsCell.m */ = {isa = PBXFileReference; fileEncoding = 4; lastKnownFileType = sourcecode.c.objc; path = OTWSystemNewsCell.m; sourceTree = "<group>"; };
		B13ADA211F1C564E008E889C /* OTWSystemNewsCellFrame.h */ = {isa = PBXFileReference; fileEncoding = 4; lastKnownFileType = sourcecode.c.h; path = OTWSystemNewsCellFrame.h; sourceTree = "<group>"; };
		B13ADA221F1C5660008E889C /* OTWSystemNewsCellFrame.m */ = {isa = PBXFileReference; fileEncoding = 4; lastKnownFileType = sourcecode.c.objc; path = OTWSystemNewsCellFrame.m; sourceTree = "<group>"; };
		B13ADA271F1C9932008E889C /* OTWSystemNews.plist */ = {isa = PBXFileReference; fileEncoding = 4; lastKnownFileType = text.plist.xml; path = OTWSystemNews.plist; sourceTree = "<group>"; };
		D7F6AFF11F0D32FB0013090A /* OnTheWay.app */ = {isa = PBXFileReference; explicitFileType = wrapper.application; includeInIndex = 0; path = OnTheWay.app; sourceTree = BUILT_PRODUCTS_DIR; };
		D7F6AFF51F0D32FB0013090A /* main.m */ = {isa = PBXFileReference; lastKnownFileType = sourcecode.c.objc; path = main.m; sourceTree = "<group>"; };
		D7F6AFF71F0D32FB0013090A /* AppDelegate.h */ = {isa = PBXFileReference; lastKnownFileType = sourcecode.c.h; path = AppDelegate.h; sourceTree = "<group>"; };
		D7F6AFF81F0D32FB0013090A /* AppDelegate.m */ = {isa = PBXFileReference; lastKnownFileType = sourcecode.c.objc; path = AppDelegate.m; sourceTree = "<group>"; };
		D7F6B0031F0D32FB0013090A /* Base */ = {isa = PBXFileReference; lastKnownFileType = file.storyboard; name = Base; path = Base.lproj/LaunchScreen.storyboard; sourceTree = "<group>"; };
		D7F6B0051F0D32FB0013090A /* Info.plist */ = {isa = PBXFileReference; lastKnownFileType = text.plist.xml; path = Info.plist; sourceTree = "<group>"; };
		D7F6B00A1F0D32FB0013090A /* OnTheWayTests.xctest */ = {isa = PBXFileReference; explicitFileType = wrapper.cfbundle; includeInIndex = 0; path = OnTheWayTests.xctest; sourceTree = BUILT_PRODUCTS_DIR; };
		D7F6B00E1F0D32FB0013090A /* OnTheWayTests.m */ = {isa = PBXFileReference; lastKnownFileType = sourcecode.c.objc; path = OnTheWayTests.m; sourceTree = "<group>"; };
		D7F6B0101F0D32FB0013090A /* Info.plist */ = {isa = PBXFileReference; lastKnownFileType = text.plist.xml; path = Info.plist; sourceTree = "<group>"; };
		D7F6B0151F0D32FB0013090A /* OnTheWayUITests.xctest */ = {isa = PBXFileReference; explicitFileType = wrapper.cfbundle; includeInIndex = 0; path = OnTheWayUITests.xctest; sourceTree = BUILT_PRODUCTS_DIR; };
		D7F6B0191F0D32FB0013090A /* OnTheWayUITests.m */ = {isa = PBXFileReference; lastKnownFileType = sourcecode.c.objc; path = OnTheWayUITests.m; sourceTree = "<group>"; };
		D7F6B01B1F0D32FB0013090A /* Info.plist */ = {isa = PBXFileReference; lastKnownFileType = text.plist.xml; path = Info.plist; sourceTree = "<group>"; };
		D7F6B0351F0D38EA0013090A /* Macro.h */ = {isa = PBXFileReference; fileEncoding = 4; lastKnownFileType = sourcecode.c.h; path = Macro.h; sourceTree = "<group>"; };
		D7F6B0361F0D38EA0013090A /* README.md */ = {isa = PBXFileReference; fileEncoding = 4; lastKnownFileType = net.daringfireball.markdown; path = README.md; sourceTree = "<group>"; };
		D7F6B03B1F0D39060013090A /* README.md */ = {isa = PBXFileReference; fileEncoding = 4; lastKnownFileType = net.daringfireball.markdown; path = README.md; sourceTree = "<group>"; };
		D7F6B03F1F0D390D0013090A /* README.md */ = {isa = PBXFileReference; fileEncoding = 4; lastKnownFileType = net.daringfireball.markdown; path = README.md; sourceTree = "<group>"; };
		D7F6B0421F0D39160013090A /* README.md */ = {isa = PBXFileReference; fileEncoding = 4; lastKnownFileType = net.daringfireball.markdown; path = README.md; sourceTree = "<group>"; };
		D7F6B0451F0D39320013090A /* README.md */ = {isa = PBXFileReference; fileEncoding = 4; lastKnownFileType = net.daringfireball.markdown; path = README.md; sourceTree = "<group>"; };
		D7F6B0481F0D39390013090A /* README.md */ = {isa = PBXFileReference; fileEncoding = 4; lastKnownFileType = net.daringfireball.markdown; path = README.md; sourceTree = "<group>"; };
		D7F6B04A1F0DCB9D0013090A /* OTWCustomNavigationBar.h */ = {isa = PBXFileReference; fileEncoding = 4; lastKnownFileType = sourcecode.c.h; path = OTWCustomNavigationBar.h; sourceTree = "<group>"; };
		D7F6B04B1F0DCB9D0013090A /* OTWCustomNavigationBar.m */ = {isa = PBXFileReference; fileEncoding = 4; lastKnownFileType = sourcecode.c.objc; path = OTWCustomNavigationBar.m; sourceTree = "<group>"; };
		D7F6B04D1F0DCC470013090A /* PrefixHeader.pch */ = {isa = PBXFileReference; lastKnownFileType = sourcecode.c.h; path = PrefixHeader.pch; sourceTree = "<group>"; };
		D7F6B0521F0DCE420013090A /* UIView+Frame.h */ = {isa = PBXFileReference; fileEncoding = 4; lastKnownFileType = sourcecode.c.h; path = "UIView+Frame.h"; sourceTree = "<group>"; };
		D7F6B0531F0DCE420013090A /* UIView+Frame.m */ = {isa = PBXFileReference; fileEncoding = 4; lastKnownFileType = sourcecode.c.objc; path = "UIView+Frame.m"; sourceTree = "<group>"; };
		D7F6B0561F0DCF040013090A /* UIColor+Utils.h */ = {isa = PBXFileReference; fileEncoding = 4; lastKnownFileType = sourcecode.c.h; path = "UIColor+Utils.h"; sourceTree = "<group>"; };
		D7F6B0571F0DCF040013090A /* UIColor+Utils.m */ = {isa = PBXFileReference; fileEncoding = 4; lastKnownFileType = sourcecode.c.objc; path = "UIColor+Utils.m"; sourceTree = "<group>"; };
		D7F6B0591F0DD0280013090A /* OTWBaseViewController.h */ = {isa = PBXFileReference; fileEncoding = 4; lastKnownFileType = sourcecode.c.h; path = OTWBaseViewController.h; sourceTree = "<group>"; };
		D7F6B05A1F0DD0280013090A /* OTWBaseViewController.m */ = {isa = PBXFileReference; fileEncoding = 4; lastKnownFileType = sourcecode.c.objc; path = OTWBaseViewController.m; sourceTree = "<group>"; };
		D7F6B05C1F0DD1D80013090A /* OTWRootViewController.h */ = {isa = PBXFileReference; fileEncoding = 4; lastKnownFileType = sourcecode.c.h; path = OTWRootViewController.h; sourceTree = "<group>"; };
		D7F6B05D1F0DD1D80013090A /* OTWRootViewController.m */ = {isa = PBXFileReference; fileEncoding = 4; lastKnownFileType = sourcecode.c.objc; path = OTWRootViewController.m; sourceTree = "<group>"; };
		D7F6B0761F0DD3F90013090A /* OTWNewsViewController.h */ = {isa = PBXFileReference; fileEncoding = 4; lastKnownFileType = sourcecode.c.h; path = OTWNewsViewController.h; sourceTree = "<group>"; };
		D7F6B0771F0DD3F90013090A /* OTWNewsViewController.m */ = {isa = PBXFileReference; fileEncoding = 4; lastKnownFileType = sourcecode.c.objc; path = OTWNewsViewController.m; sourceTree = "<group>"; };
		D7F6B0791F0DD41F0013090A /* OTWFootprintsViewController.h */ = {isa = PBXFileReference; fileEncoding = 4; lastKnownFileType = sourcecode.c.h; path = OTWFootprintsViewController.h; sourceTree = "<group>"; };
		D7F6B07A1F0DD41F0013090A /* OTWFootprintsViewController.m */ = {isa = PBXFileReference; fileEncoding = 4; lastKnownFileType = sourcecode.c.objc; path = OTWFootprintsViewController.m; sourceTree = "<group>"; };
		D7F6B07F1F0DD44C0013090A /* OTWARViewController.h */ = {isa = PBXFileReference; fileEncoding = 4; lastKnownFileType = sourcecode.c.h; path = OTWARViewController.h; sourceTree = "<group>"; };
		D7F6B0801F0DD44C0013090A /* OTWARViewController.m */ = {isa = PBXFileReference; fileEncoding = 4; lastKnownFileType = sourcecode.c.objc; path = OTWARViewController.m; sourceTree = "<group>"; };
		D7F6B0891F0DD5370013090A /* UIImage+Color.h */ = {isa = PBXFileReference; fileEncoding = 4; lastKnownFileType = sourcecode.c.h; path = "UIImage+Color.h"; sourceTree = "<group>"; };
		D7F6B08A1F0DD5370013090A /* UIImage+Color.m */ = {isa = PBXFileReference; fileEncoding = 4; lastKnownFileType = sourcecode.c.objc; path = "UIImage+Color.m"; sourceTree = "<group>"; };
		D7F6B0961F0F75510013090A /* OTWLaunchViewController.h */ = {isa = PBXFileReference; fileEncoding = 4; lastKnownFileType = sourcecode.c.h; path = OTWLaunchViewController.h; sourceTree = "<group>"; };
		D7F6B0971F0F75510013090A /* OTWLaunchViewController.m */ = {isa = PBXFileReference; fileEncoding = 4; lastKnownFileType = sourcecode.c.objc; path = OTWLaunchViewController.m; sourceTree = "<group>"; };
		D7F6B09B1F0F75770013090A /* OTWLaunchManager.h */ = {isa = PBXFileReference; fileEncoding = 4; lastKnownFileType = sourcecode.c.h; path = OTWLaunchManager.h; sourceTree = "<group>"; };
		D7F6B09C1F0F75770013090A /* OTWLaunchManager.m */ = {isa = PBXFileReference; fileEncoding = 4; lastKnownFileType = sourcecode.c.objc; path = OTWLaunchManager.m; sourceTree = "<group>"; };
		D7F6B0A71F1081850013090A /* OTWNetworkManager.h */ = {isa = PBXFileReference; fileEncoding = 4; lastKnownFileType = sourcecode.c.h; path = OTWNetworkManager.h; sourceTree = "<group>"; };
		D7F6B0A81F1081850013090A /* OTWNetworkManager.m */ = {isa = PBXFileReference; fileEncoding = 4; lastKnownFileType = sourcecode.c.objc; path = OTWNetworkManager.m; sourceTree = "<group>"; };
		D7F6B0B11F1089400013090A /* OTWLoginService.h */ = {isa = PBXFileReference; fileEncoding = 4; lastKnownFileType = sourcecode.c.h; path = OTWLoginService.h; sourceTree = "<group>"; };
		D7F6B0B21F1089400013090A /* OTWLoginService.m */ = {isa = PBXFileReference; fileEncoding = 4; lastKnownFileType = sourcecode.c.objc; path = OTWLoginService.m; sourceTree = "<group>"; };
		D7F6B0B41F10AA2D0013090A /* OTWLoginViewController.h */ = {isa = PBXFileReference; fileEncoding = 4; lastKnownFileType = sourcecode.c.h; path = OTWLoginViewController.h; sourceTree = "<group>"; };
		D7F6B0B51F10AA2D0013090A /* OTWLoginViewController.m */ = {isa = PBXFileReference; fileEncoding = 4; lastKnownFileType = sourcecode.c.objc; path = OTWLoginViewController.m; sourceTree = "<group>"; };
		D7F6B0B71F14E5C60013090A /* OTWCustomTabBar.h */ = {isa = PBXFileReference; fileEncoding = 4; lastKnownFileType = sourcecode.c.h; path = OTWCustomTabBar.h; sourceTree = "<group>"; };
		D7F6B0B81F14E5C60013090A /* OTWCustomTabBar.m */ = {isa = PBXFileReference; fileEncoding = 4; lastKnownFileType = sourcecode.c.objc; path = OTWCustomTabBar.m; sourceTree = "<group>"; };
		D7F6B0BA1F14E9E00013090A /* OTWCustomTabBarItem.h */ = {isa = PBXFileReference; fileEncoding = 4; lastKnownFileType = sourcecode.c.h; path = OTWCustomTabBarItem.h; sourceTree = "<group>"; };
		D7F6B0BB1F14E9E00013090A /* OTWCustomTabBarItem.m */ = {isa = PBXFileReference; fileEncoding = 4; lastKnownFileType = sourcecode.c.objc; path = OTWCustomTabBarItem.m; sourceTree = "<group>"; };
		D7F6B0BD1F15C09E0013090A /* OTWTabBarController.h */ = {isa = PBXFileReference; fileEncoding = 4; lastKnownFileType = sourcecode.c.h; path = OTWTabBarController.h; sourceTree = "<group>"; };
		D7F6B0BE1F15C09E0013090A /* OTWTabBarController.m */ = {isa = PBXFileReference; fileEncoding = 4; lastKnownFileType = sourcecode.c.objc; path = OTWTabBarController.m; sourceTree = "<group>"; };
		D7F6B0C41F160E590013090A /* OTWAlbumSelectHelper.h */ = {isa = PBXFileReference; fileEncoding = 4; lastKnownFileType = sourcecode.c.h; path = OTWAlbumSelectHelper.h; sourceTree = "<group>"; };
		D7F6B0C51F160E590013090A /* OTWAlbumSelectHelper.m */ = {isa = PBXFileReference; fileEncoding = 4; lastKnownFileType = sourcecode.c.objc; path = OTWAlbumSelectHelper.m; sourceTree = "<group>"; };
		D7F6B0C91F1627000013090A /* OTWNewsCell.h */ = {isa = PBXFileReference; fileEncoding = 4; lastKnownFileType = sourcecode.c.h; path = OTWNewsCell.h; sourceTree = "<group>"; };
		D7F6B0CA1F1627000013090A /* OTWNewsCell.m */ = {isa = PBXFileReference; fileEncoding = 4; lastKnownFileType = sourcecode.c.objc; path = OTWNewsCell.m; sourceTree = "<group>"; };
		DD02EB7B1F125A3000841AB5 /* OTWPersonalEditNicknameController.h */ = {isa = PBXFileReference; fileEncoding = 4; lastKnownFileType = sourcecode.c.h; path = OTWPersonalEditNicknameController.h; sourceTree = "<group>"; };
		DD14F2391F1132FE004DFE4A /* NSString+RegexCategory.h */ = {isa = PBXFileReference; fileEncoding = 4; lastKnownFileType = sourcecode.c.h; name = "NSString+RegexCategory.h"; path = "NSTring/NSString+RegexCategory.h"; sourceTree = "<group>"; };
		DD14F23A1F1132FE004DFE4A /* NSString+RegexCategory.m */ = {isa = PBXFileReference; fileEncoding = 4; lastKnownFileType = sourcecode.c.objc; name = "NSString+RegexCategory.m"; path = "NSTring/NSString+RegexCategory.m"; sourceTree = "<group>"; };
		DD14F23E1F113654004DFE4A /* HmacUtils.h */ = {isa = PBXFileReference; fileEncoding = 4; lastKnownFileType = sourcecode.c.h; path = HmacUtils.h; sourceTree = "<group>"; };
		DD14F23F1F113654004DFE4A /* HmacUtils.m */ = {isa = PBXFileReference; fileEncoding = 4; lastKnownFileType = sourcecode.c.objc; path = HmacUtils.m; sourceTree = "<group>"; };
		DD14F2411F114436004DFE4A /* CommonContact.h */ = {isa = PBXFileReference; fileEncoding = 4; lastKnownFileType = sourcecode.c.h; path = CommonContact.h; sourceTree = "<group>"; };
		DD14F2421F114436004DFE4A /* CommonContact.m */ = {isa = PBXFileReference; fileEncoding = 4; lastKnownFileType = sourcecode.c.objc; path = CommonContact.m; sourceTree = "<group>"; };
		DD14F2441F11CB5F004DFE4A /* GCTokenManager.m */ = {isa = PBXFileReference; fileEncoding = 4; lastKnownFileType = sourcecode.c.objc; path = GCTokenManager.m; sourceTree = "<group>"; };
		DD14F2461F11CC21004DFE4A /* GCTokenManager.h */ = {isa = PBXFileReference; fileEncoding = 4; lastKnownFileType = sourcecode.c.h; path = GCTokenManager.h; sourceTree = "<group>"; };
		DD14F2471F11CDCA004DFE4A /* GCTokenModel.m */ = {isa = PBXFileReference; fileEncoding = 4; lastKnownFileType = sourcecode.c.objc; name = GCTokenModel.m; path = OnTheWay/Utils/GCTokenModel.m; sourceTree = SOURCE_ROOT; };
		DD14F24D1F120EBD004DFE4A /* GCTokenModel.h */ = {isa = PBXFileReference; fileEncoding = 4; lastKnownFileType = sourcecode.c.h; name = GCTokenModel.h; path = OnTheWay/Utils/GCTokenModel.h; sourceTree = SOURCE_ROOT; };
		DD3520921F1866F200E8D725 /* OTWFootprintDetailController.h */ = {isa = PBXFileReference; lastKnownFileType = sourcecode.c.h; path = OTWFootprintDetailController.h; sourceTree = "<group>"; };
		DD3520931F18670800E8D725 /* OTWFootprintDetailController.m */ = {isa = PBXFileReference; fileEncoding = 4; lastKnownFileType = sourcecode.c.objc; path = OTWFootprintDetailController.m; sourceTree = "<group>"; };
		DD3520951F186E0700E8D725 /* OTWFootprintDetailModel.m */ = {isa = PBXFileReference; fileEncoding = 4; lastKnownFileType = sourcecode.c.objc; path = OTWFootprintDetailModel.m; sourceTree = "<group>"; };
		DD3520971F186E2200E8D725 /* OTWFootprintDetailModel.h */ = {isa = PBXFileReference; lastKnownFileType = sourcecode.c.h; path = OTWFootprintDetailModel.h; sourceTree = "<group>"; };
		DD3520981F18714000E8D725 /* OTWCommentModel.h */ = {isa = PBXFileReference; lastKnownFileType = sourcecode.c.h; name = OTWCommentModel.h; path = ../../../Common/Model/OTWCommentModel.h; sourceTree = "<group>"; };
		DD3520991F18715400E8D725 /* OTWCommentModel.m */ = {isa = PBXFileReference; fileEncoding = 4; lastKnownFileType = sourcecode.c.objc; name = OTWCommentModel.m; path = ../../../Common/Model/OTWCommentModel.m; sourceTree = "<group>"; };
		DD35209B1F188FAF00E8D725 /* OTWFootprintDetailViewCell.h */ = {isa = PBXFileReference; lastKnownFileType = sourcecode.c.h; path = OTWFootprintDetailViewCell.h; sourceTree = "<group>"; };
		DD35209C1F188FBF00E8D725 /* OTWFootprintDetailViewCell.m */ = {isa = PBXFileReference; fileEncoding = 4; lastKnownFileType = sourcecode.c.objc; path = OTWFootprintDetailViewCell.m; sourceTree = "<group>"; };
		DD9452EB1F15CA28004EDDED /* OTWFootprintListTableViewCell.h */ = {isa = PBXFileReference; lastKnownFileType = sourcecode.c.h; path = OTWFootprintListTableViewCell.h; sourceTree = "<group>"; };
		DD9452EC1F15CC13004EDDED /* OTWFootprintListModel.h */ = {isa = PBXFileReference; lastKnownFileType = sourcecode.c.h; path = OTWFootprintListModel.h; sourceTree = "<group>"; };
		DD9452ED1F15CC29004EDDED /* OTWFootprintListModel.m */ = {isa = PBXFileReference; fileEncoding = 4; lastKnownFileType = sourcecode.c.objc; path = OTWFootprintListModel.m; sourceTree = "<group>"; };
		DD9452EF1F15D139004EDDED /* OTWFootprintListTableViewCell.m */ = {isa = PBXFileReference; fileEncoding = 4; lastKnownFileType = sourcecode.c.objc; path = OTWFootprintListTableViewCell.m; sourceTree = "<group>"; };
		DD9452F11F15DD91004EDDED /* OTWFootprintListFrame.h */ = {isa = PBXFileReference; lastKnownFileType = sourcecode.c.h; path = OTWFootprintListFrame.h; sourceTree = "<group>"; };
		DD9452F21F15DE23004EDDED /* OTWFootprintListFrame.m */ = {isa = PBXFileReference; fileEncoding = 4; lastKnownFileType = sourcecode.c.objc; path = OTWFootprintListFrame.m; sourceTree = "<group>"; };
		DD9452F41F160CD7004EDDED /* OTWFootprintList.plist */ = {isa = PBXFileReference; fileEncoding = 4; lastKnownFileType = text.plist.xml; path = OTWFootprintList.plist; sourceTree = "<group>"; };
		DDABAA4A1F12801E00010532 /* OTWPersonalEditNicknameController.m */ = {isa = PBXFileReference; fileEncoding = 4; lastKnownFileType = sourcecode.c.objc; path = OTWPersonalEditNicknameController.m; sourceTree = "<group>"; };
		DDB8C2981F1320990091E7B0 /* OTWPersonalInfoController.h */ = {isa = PBXFileReference; fileEncoding = 4; lastKnownFileType = sourcecode.c.h; path = OTWPersonalInfoController.h; sourceTree = "<group>"; };
		DDB8C2991F1320B90091E7B0 /* OTWPersonalInfoController.m */ = {isa = PBXFileReference; fileEncoding = 4; lastKnownFileType = sourcecode.c.objc; path = OTWPersonalInfoController.m; sourceTree = "<group>"; };
		DDB8C29D1F14AF0D0091E7B0 /* OTWUserModel.h */ = {isa = PBXFileReference; fileEncoding = 4; lastKnownFileType = sourcecode.c.h; path = OTWUserModel.h; sourceTree = "<group>"; };
		DDB8C29E1F14AF230091E7B0 /* OTWUserModel.m */ = {isa = PBXFileReference; fileEncoding = 4; lastKnownFileType = sourcecode.c.objc; path = OTWUserModel.m; sourceTree = "<group>"; };
		DDC0A9381F1F77D100A6E4DB /* OTWSystemNewsModel.h */ = {isa = PBXFileReference; fileEncoding = 4; lastKnownFileType = sourcecode.c.h; path = OTWSystemNewsModel.h; sourceTree = "<group>"; };
		DDC0A9391F1F77D100A6E4DB /* OTWSystemNewsModel.m */ = {isa = PBXFileReference; fileEncoding = 4; lastKnownFileType = sourcecode.c.objc; path = OTWSystemNewsModel.m; sourceTree = "<group>"; };
		DDD4AB491F1AFC4300D42CF3 /* OTWFootprintDetailFrame.h */ = {isa = PBXFileReference; lastKnownFileType = sourcecode.c.h; path = OTWFootprintDetailFrame.h; sourceTree = "<group>"; };
		DDD4AB4A1F1AFC6900D42CF3 /* OTWFootprintDetailFrame.m */ = {isa = PBXFileReference; fileEncoding = 4; lastKnownFileType = sourcecode.c.objc; path = OTWFootprintDetailFrame.m; sourceTree = "<group>"; };
		DDD4AB4C1F1B01D500D42CF3 /* OTWCommentFrame.h */ = {isa = PBXFileReference; lastKnownFileType = sourcecode.c.h; path = OTWCommentFrame.h; sourceTree = "<group>"; };
		DDD4AB4D1F1B020400D42CF3 /* OTWCommentFrame.m */ = {isa = PBXFileReference; fileEncoding = 4; lastKnownFileType = sourcecode.c.objc; path = OTWCommentFrame.m; sourceTree = "<group>"; };
		DDDAE08E1F1CFA5B00981E60 /* OTWFootprintDetail.plist */ = {isa = PBXFileReference; fileEncoding = 4; lastKnownFileType = text.plist.xml; path = OTWFootprintDetail.plist; sourceTree = "<group>"; };
		DDDAE0921F1F0D4C00981E60 /* Assets.xcassets */ = {isa = PBXFileReference; lastKnownFileType = folder.assetcatalog; path = Assets.xcassets; sourceTree = "<group>"; };
/* End PBXFileReference section */

/* Begin PBXFrameworksBuildPhase section */
		D7F6AFEE1F0D32FA0013090A /* Frameworks */ = {
			isa = PBXFrameworksBuildPhase;
			buildActionMask = 2147483647;
			files = (
				D8B4FC771A533A05D5B2B46D /* libPods-OnTheWay.a in Frameworks */,
			);
			runOnlyForDeploymentPostprocessing = 0;
		};
		D7F6B0071F0D32FB0013090A /* Frameworks */ = {
			isa = PBXFrameworksBuildPhase;
			buildActionMask = 2147483647;
			files = (
			);
			runOnlyForDeploymentPostprocessing = 0;
		};
		D7F6B0121F0D32FB0013090A /* Frameworks */ = {
			isa = PBXFrameworksBuildPhase;
			buildActionMask = 2147483647;
			files = (
			);
			runOnlyForDeploymentPostprocessing = 0;
		};
/* End PBXFrameworksBuildPhase section */

/* Begin PBXGroup section */
		9E536E53A17984A468176170 /* Frameworks */ = {
			isa = PBXGroup;
			children = (
				45C2D5CA9B6813E8ACAF6178 /* libPods-OnTheWay.a */,
			);
			name = Frameworks;
			sourceTree = "<group>";
		};
		A7181D9EC4E6E5AE1EFAD194 /* Pods */ = {
			isa = PBXGroup;
			children = (
				4B8637730B7A7E4B6ADD9FEE /* Pods-OnTheWay.debug.xcconfig */,
				68C4FF114BC411D8C8AADB56 /* Pods-OnTheWay.release.xcconfig */,
			);
			name = Pods;
			sourceTree = "<group>";
		};
		D7F6AFE81F0D32FA0013090A = {
			isa = PBXGroup;
			children = (
				D7F6AFF31F0D32FB0013090A /* OnTheWay */,
				D7F6B00D1F0D32FB0013090A /* OnTheWayTests */,
				D7F6B0181F0D32FB0013090A /* OnTheWayUITests */,
				D7F6AFF21F0D32FB0013090A /* Products */,
				A7181D9EC4E6E5AE1EFAD194 /* Pods */,
				9E536E53A17984A468176170 /* Frameworks */,
			);
			sourceTree = "<group>";
		};
		D7F6AFF21F0D32FB0013090A /* Products */ = {
			isa = PBXGroup;
			children = (
				D7F6AFF11F0D32FB0013090A /* OnTheWay.app */,
				D7F6B00A1F0D32FB0013090A /* OnTheWayTests.xctest */,
				D7F6B0151F0D32FB0013090A /* OnTheWayUITests.xctest */,
			);
			name = Products;
			sourceTree = "<group>";
		};
		D7F6AFF31F0D32FB0013090A /* OnTheWay */ = {
			isa = PBXGroup;
			children = (
				D7F6B0471F0D39390013090A /* Utils */,
				D7F6B0941F0DDE950013090A /* Network */,
				D7F6B03E1F0D390D0013090A /* Libs */,
				D7F6B0441F0D39320013090A /* Resources */,
				D7F6B0341F0D38EA0013090A /* Macro */,
				D7F6B0381F0D39060013090A /* Common */,
				D7F6B0411F0D39160013090A /* Pages */,
				D7F6AFF71F0D32FB0013090A /* AppDelegate.h */,
				D7F6AFF81F0D32FB0013090A /* AppDelegate.m */,
				D7F6AFF41F0D32FB0013090A /* Supporting Files */,
			);
			path = OnTheWay;
			sourceTree = "<group>";
		};
		D7F6AFF41F0D32FB0013090A /* Supporting Files */ = {
			isa = PBXGroup;
			children = (
				DDDAE0921F1F0D4C00981E60 /* Assets.xcassets */,
				DDDAE08E1F1CFA5B00981E60 /* OTWFootprintDetail.plist */,
				D7F6B0021F0D32FB0013090A /* LaunchScreen.storyboard */,
				D7F6B0051F0D32FB0013090A /* Info.plist */,
				D7F6AFF51F0D32FB0013090A /* main.m */,
				D7F6B04D1F0DCC470013090A /* PrefixHeader.pch */,
				DD9452F41F160CD7004EDDED /* OTWFootprintList.plist */,
				18B034CC1F171ED300F53461 /* OTWFindBusinessmen.plist */,
				B13ADA271F1C9932008E889C /* OTWSystemNews.plist */,
			);
			name = "Supporting Files";
			sourceTree = "<group>";
		};
		D7F6B00D1F0D32FB0013090A /* OnTheWayTests */ = {
			isa = PBXGroup;
			children = (
				D7F6B00E1F0D32FB0013090A /* OnTheWayTests.m */,
				D7F6B0101F0D32FB0013090A /* Info.plist */,
			);
			path = OnTheWayTests;
			sourceTree = "<group>";
		};
		D7F6B0181F0D32FB0013090A /* OnTheWayUITests */ = {
			isa = PBXGroup;
			children = (
				D7F6B0191F0D32FB0013090A /* OnTheWayUITests.m */,
				D7F6B01B1F0D32FB0013090A /* Info.plist */,
			);
			path = OnTheWayUITests;
			sourceTree = "<group>";
		};
		D7F6B0341F0D38EA0013090A /* Macro */ = {
			isa = PBXGroup;
			children = (
				D7F6B0351F0D38EA0013090A /* Macro.h */,
				D7F6B0361F0D38EA0013090A /* README.md */,
			);
			path = Macro;
			sourceTree = "<group>";
		};
		D7F6B0381F0D39060013090A /* Common */ = {
			isa = PBXGroup;
			children = (
				D7F6B03B1F0D39060013090A /* README.md */,
				D7F6B0C31F160E060013090A /* Helper */,
				D7F6B0391F0D39060013090A /* Controller */,
				D7F6B03A1F0D39060013090A /* Model */,
				D7F6B03C1F0D39060013090A /* View */,
			);
			path = Common;
			sourceTree = "<group>";
		};
		D7F6B0391F0D39060013090A /* Controller */ = {
			isa = PBXGroup;
			children = (
				D7F6B0591F0DD0280013090A /* OTWBaseViewController.h */,
				D7F6B05A1F0DD0280013090A /* OTWBaseViewController.m */,
				D7F6B0BD1F15C09E0013090A /* OTWTabBarController.h */,
				D7F6B0BE1F15C09E0013090A /* OTWTabBarController.m */,
			);
			path = Controller;
			sourceTree = "<group>";
		};
		D7F6B03A1F0D39060013090A /* Model */ = {
			isa = PBXGroup;
			children = (
			);
			path = Model;
			sourceTree = "<group>";
		};
		D7F6B03C1F0D39060013090A /* View */ = {
			isa = PBXGroup;
			children = (
				D7F6B04A1F0DCB9D0013090A /* OTWCustomNavigationBar.h */,
				D7F6B04B1F0DCB9D0013090A /* OTWCustomNavigationBar.m */,
				D7F6B0B71F14E5C60013090A /* OTWCustomTabBar.h */,
				D7F6B0B81F14E5C60013090A /* OTWCustomTabBar.m */,
				D7F6B0BA1F14E9E00013090A /* OTWCustomTabBarItem.h */,
				D7F6B0BB1F14E9E00013090A /* OTWCustomTabBarItem.m */,
			);
			path = View;
			sourceTree = "<group>";
		};
		D7F6B03E1F0D390D0013090A /* Libs */ = {
			isa = PBXGroup;
			children = (
				D7F6B03F1F0D390D0013090A /* README.md */,
			);
			path = Libs;
			sourceTree = "<group>";
		};
		D7F6B0411F0D39160013090A /* Pages */ = {
			isa = PBXGroup;
			children = (
				D7F6B0901F0DDE300013090A /* Login */,
				D7F6B08C1F0DDDC40013090A /* Launch */,
				D7F6B06F1F0DD3860013090A /* Personal */,
				D7F6B06B1F0DD3800013090A /* News */,
				D7F6B0671F0DD36E0013090A /* Footprints */,
				D7F6B0631F0DD3690013090A /* Find */,
				D7F6B05F1F0DD35C0013090A /* AR */,
				D7F6B0421F0D39160013090A /* README.md */,
				D7F6B05C1F0DD1D80013090A /* OTWRootViewController.h */,
				D7F6B05D1F0DD1D80013090A /* OTWRootViewController.m */,
			);
			path = Pages;
			sourceTree = "<group>";
		};
		D7F6B0441F0D39320013090A /* Resources */ = {
			isa = PBXGroup;
			children = (
				D7F6B0451F0D39320013090A /* README.md */,
			);
			path = Resources;
			sourceTree = "<group>";
		};
		D7F6B0471F0D39390013090A /* Utils */ = {
			isa = PBXGroup;
			children = (
				DD0224A31F1131BC00AB65C9 /* NString */,
				D7F6B0821F0DD4EB0013090A /* Image */,
				D7F6B0551F0DCED20013090A /* Color */,
				D7F6B04E1F0DCD9C0013090A /* View */,
				D7F6B0481F0D39390013090A /* README.md */,
				DD14F23E1F113654004DFE4A /* HmacUtils.h */,
				DD14F23F1F113654004DFE4A /* HmacUtils.m */,
				DD14F2411F114436004DFE4A /* CommonContact.h */,
				DD14F2421F114436004DFE4A /* CommonContact.m */,
				DD14F2461F11CC21004DFE4A /* GCTokenManager.h */,
				DD14F2441F11CB5F004DFE4A /* GCTokenManager.m */,
			);
			path = Utils;
			sourceTree = "<group>";
		};
		D7F6B04E1F0DCD9C0013090A /* View */ = {
			isa = PBXGroup;
			children = (
				D7F6B0521F0DCE420013090A /* UIView+Frame.h */,
				D7F6B0531F0DCE420013090A /* UIView+Frame.m */,
			);
			path = View;
			sourceTree = "<group>";
		};
		D7F6B0551F0DCED20013090A /* Color */ = {
			isa = PBXGroup;
			children = (
				D7F6B0561F0DCF040013090A /* UIColor+Utils.h */,
				D7F6B0571F0DCF040013090A /* UIColor+Utils.m */,
			);
			path = Color;
			sourceTree = "<group>";
		};
		D7F6B05F1F0DD35C0013090A /* AR */ = {
			isa = PBXGroup;
			children = (
				D7F6B0601F0DD35C0013090A /* Controller */,
				D7F6B0611F0DD35C0013090A /* Model */,
				D7F6B0621F0DD35C0013090A /* View */,
			);
			path = AR;
			sourceTree = "<group>";
		};
		D7F6B0601F0DD35C0013090A /* Controller */ = {
			isa = PBXGroup;
			children = (
				D7F6B07F1F0DD44C0013090A /* OTWARViewController.h */,
				D7F6B0801F0DD44C0013090A /* OTWARViewController.m */,
			);
			path = Controller;
			sourceTree = "<group>";
		};
		D7F6B0611F0DD35C0013090A /* Model */ = {
			isa = PBXGroup;
			children = (
			);
			path = Model;
			sourceTree = "<group>";
		};
		D7F6B0621F0DD35C0013090A /* View */ = {
			isa = PBXGroup;
			children = (
			);
			path = View;
			sourceTree = "<group>";
		};
		D7F6B0631F0DD3690013090A /* Find */ = {
			isa = PBXGroup;
			children = (
				D7F6B0641F0DD3690013090A /* Controller */,
				D7F6B0651F0DD3690013090A /* Model */,
				D7F6B0661F0DD3690013090A /* View */,
			);
			path = Find;
			sourceTree = "<group>";
		};
		D7F6B0641F0DD3690013090A /* Controller */ = {
			isa = PBXGroup;
			children = (
				18B034C41F171BC100F53461 /* OTWFindBusinessmenController.m */,
				18B034C31F171BA900F53461 /* OTWFindBusinessmenController.h */,
				18B034DF1F1CE42700F53461 /* OTWFindViewController.h */,
				18B034E01F1CE42700F53461 /* OTWFindViewController.m */,
				18B034E21F1CE6B300F53461 /* OTWShopDetailsController.h */,
				18B034E31F1CE6B300F53461 /* OTWShopDetailsController.m */,
			);
			path = Controller;
			sourceTree = "<group>";
		};
		D7F6B0651F0DD3690013090A /* Model */ = {
			isa = PBXGroup;
			children = (
				18B034C01F15CC3300F53461 /* OTWFindModel.h */,
				18B034C11F15CC3F00F53461 /* OTWFindModel.m */,
				18B034C61F171BD800F53461 /* OTWFindBusinessmenModel.h */,
				18B034C71F171BE400F53461 /* OTWFindBusinessmenModel.m */,
			);
			path = Model;
			sourceTree = "<group>";
		};
		D7F6B0661F0DD3690013090A /* View */ = {
			isa = PBXGroup;
			children = (
				18B034BD1F15C9AD00F53461 /* OTWFindViewCell.h */,
				18B034BE1F15C9BD00F53461 /* OTWFindViewCell.m */,
				18B034C91F171BFD00F53461 /* OTWFindBusinessmenViewCell.h */,
				18B034CA1F171C0900F53461 /* OTWFindBusinessmenViewCell.m */,
				189954C41F1CE986004CCEBE /* OTWShopDetailsViewCell.h */,
				189954C51F1CE986004CCEBE /* OTWShopDetailsViewCell.m */,
			);
			path = View;
			sourceTree = "<group>";
		};
		D7F6B0671F0DD36E0013090A /* Footprints */ = {
			isa = PBXGroup;
			children = (
				D7F6B0681F0DD36E0013090A /* Controller */,
				D7F6B0691F0DD36E0013090A /* Model */,
				D7F6B06A1F0DD36E0013090A /* View */,
			);
			path = Footprints;
			sourceTree = "<group>";
		};
		D7F6B0681F0DD36E0013090A /* Controller */ = {
			isa = PBXGroup;
			children = (
				D7F6B0791F0DD41F0013090A /* OTWFootprintsViewController.h */,
				D7F6B07A1F0DD41F0013090A /* OTWFootprintsViewController.m */,
				DD3520921F1866F200E8D725 /* OTWFootprintDetailController.h */,
				DD3520931F18670800E8D725 /* OTWFootprintDetailController.m */,
			);
			path = Controller;
			sourceTree = "<group>";
		};
		D7F6B0691F0DD36E0013090A /* Model */ = {
			isa = PBXGroup;
			children = (
				DD3520981F18714000E8D725 /* OTWCommentModel.h */,
				DD3520991F18715400E8D725 /* OTWCommentModel.m */,
				DD9452EC1F15CC13004EDDED /* OTWFootprintListModel.h */,
				DD9452ED1F15CC29004EDDED /* OTWFootprintListModel.m */,
				DD3520971F186E2200E8D725 /* OTWFootprintDetailModel.h */,
				DD3520951F186E0700E8D725 /* OTWFootprintDetailModel.m */,
			);
			path = Model;
			sourceTree = "<group>";
		};
		D7F6B06A1F0DD36E0013090A /* View */ = {
			isa = PBXGroup;
			children = (
				DD9452EB1F15CA28004EDDED /* OTWFootprintListTableViewCell.h */,
				DD9452EF1F15D139004EDDED /* OTWFootprintListTableViewCell.m */,
				DD9452F11F15DD91004EDDED /* OTWFootprintListFrame.h */,
				DD9452F21F15DE23004EDDED /* OTWFootprintListFrame.m */,
				DD35209B1F188FAF00E8D725 /* OTWFootprintDetailViewCell.h */,
				DD35209C1F188FBF00E8D725 /* OTWFootprintDetailViewCell.m */,
				DDD4AB491F1AFC4300D42CF3 /* OTWFootprintDetailFrame.h */,
				DDD4AB4A1F1AFC6900D42CF3 /* OTWFootprintDetailFrame.m */,
				DDD4AB4C1F1B01D500D42CF3 /* OTWCommentFrame.h */,
				DDD4AB4D1F1B020400D42CF3 /* OTWCommentFrame.m */,
			);
			path = View;
			sourceTree = "<group>";
		};
		D7F6B06B1F0DD3800013090A /* News */ = {
			isa = PBXGroup;
			children = (
				D7F6B0C71F1626E60013090A /* Model */,
				D7F6B0C81F1626E60013090A /* View */,
				D7F6B06C1F0DD3800013090A /* Controller */,
			);
			path = News;
			sourceTree = "<group>";
		};
		D7F6B06C1F0DD3800013090A /* Controller */ = {
			isa = PBXGroup;
			children = (
				D7F6B0761F0DD3F90013090A /* OTWNewsViewController.h */,
				D7F6B0771F0DD3F90013090A /* OTWNewsViewController.m */,
				B13ADA1B1F1B21D4008E889C /* OTWSystemNewsViewController.h */,
				B13ADA1C1F1B23DA008E889C /* OTWSystemNewsViewController.m */,
			);
			path = Controller;
			sourceTree = "<group>";
		};
		D7F6B06F1F0DD3860013090A /* Personal */ = {
			isa = PBXGroup;
			children = (
				DDC0A93D1F1F784200A6E4DB /* Service */,
				D7F6B0701F0DD3860013090A /* Controller */,
				D7F6B0711F0DD3860013090A /* Model */,
				D7F6B0721F0DD3860013090A /* View */,
			);
			path = Personal;
			sourceTree = "<group>";
		};
		D7F6B0701F0DD3860013090A /* Controller */ = {
			isa = PBXGroup;
			children = (
				DD02EB7B1F125A3000841AB5 /* OTWPersonalEditNicknameController.h */,
				DDABAA4A1F12801E00010532 /* OTWPersonalEditNicknameController.m */,
				DDB8C2981F1320990091E7B0 /* OTWPersonalInfoController.h */,
				DDB8C2991F1320B90091E7B0 /* OTWPersonalInfoController.m */,
				18B034B71F139BE000F53461 /* OTWPersonalSiteController.h */,
				18B034B81F139C1500F53461 /* OTWPersonalSiteController.m */,
				18B034BA1F14A41A00F53461 /* OTWPersonalViewController.h */,
				18B034BB1F14A42800F53461 /* OTWPersonalViewController.m */,
				189954C71F1DAD3C004CCEBE /* OTWPersonalFootprintsListController.h */,
				189954C81F1DAD3C004CCEBE /* OTWPersonalFootprintsListController.m */,
			);
			path = Controller;
			sourceTree = "<group>";
		};
		D7F6B0711F0DD3860013090A /* Model */ = {
			isa = PBXGroup;
			children = (
				18BC9E421F1F716F00C7B6C1 /* OTWPersonalFootprintMonthDataModel.m */,
				18BC9E431F1F716F00C7B6C1 /* OTWPersonalFootprintMonthDataModel.h */,
				DDB8C29D1F14AF0D0091E7B0 /* OTWUserModel.h */,
				DDB8C29E1F14AF230091E7B0 /* OTWUserModel.m */,
				189954CA1F1DAD5E004CCEBE /* OTWPersonalFootprintsListModel.h */,
				189954CB1F1DAD5E004CCEBE /* OTWPersonalFootprintsListModel.m */,
			);
			path = Model;
			sourceTree = "<group>";
		};
		D7F6B0721F0DD3860013090A /* View */ = {
			isa = PBXGroup;
			children = (
				189954D31F1DAE4A004CCEBE /* OTWPersonalFootprintsListTableViewCell.h */,
				189954D41F1DAE4A004CCEBE /* OTWPersonalFootprintsListTableViewCell.m */,
			);
			path = View;
			sourceTree = "<group>";
		};
		D7F6B0821F0DD4EB0013090A /* Image */ = {
			isa = PBXGroup;
			children = (
				D7F6B0891F0DD5370013090A /* UIImage+Color.h */,
				D7F6B08A1F0DD5370013090A /* UIImage+Color.m */,
			);
			path = Image;
			sourceTree = "<group>";
		};
		D7F6B08C1F0DDDC40013090A /* Launch */ = {
			isa = PBXGroup;
			children = (
				D7F6B0951F0F75510013090A /* Controller */,
				D7F6B0981F0F75510013090A /* Model */,
				D7F6B0991F0F75510013090A /* View */,
			);
			path = Launch;
			sourceTree = "<group>";
		};
		D7F6B0901F0DDE300013090A /* Login */ = {
			isa = PBXGroup;
			children = (
				D7F6B0B41F10AA2D0013090A /* OTWLoginViewController.h */,
				D7F6B0B51F10AA2D0013090A /* OTWLoginViewController.m */,
				D7F6B0AE1F1089130013090A /* Service */,
				D7F6B0AA1F1089130013090A /* Controller */,
				D7F6B0AD1F1089130013090A /* Model */,
				D7F6B0AF1F1089130013090A /* View */,
			);
			path = Login;
			sourceTree = "<group>";
		};
		D7F6B0941F0DDE950013090A /* Network */ = {
			isa = PBXGroup;
			children = (
				D7F6B0A71F1081850013090A /* OTWNetworkManager.h */,
				D7F6B0A81F1081850013090A /* OTWNetworkManager.m */,
			);
			path = Network;
			sourceTree = "<group>";
		};
		D7F6B0951F0F75510013090A /* Controller */ = {
			isa = PBXGroup;
			children = (
				D7F6B0961F0F75510013090A /* OTWLaunchViewController.h */,
				D7F6B0971F0F75510013090A /* OTWLaunchViewController.m */,
			);
			path = Controller;
			sourceTree = "<group>";
		};
		D7F6B0981F0F75510013090A /* Model */ = {
			isa = PBXGroup;
			children = (
				D7F6B09B1F0F75770013090A /* OTWLaunchManager.h */,
				D7F6B09C1F0F75770013090A /* OTWLaunchManager.m */,
			);
			path = Model;
			sourceTree = "<group>";
		};
		D7F6B0991F0F75510013090A /* View */ = {
			isa = PBXGroup;
			children = (
			);
			path = View;
			sourceTree = "<group>";
		};
		D7F6B0AA1F1089130013090A /* Controller */ = {
			isa = PBXGroup;
			children = (
			);
			path = Controller;
			sourceTree = "<group>";
		};
		D7F6B0AD1F1089130013090A /* Model */ = {
			isa = PBXGroup;
			children = (
				DD14F24D1F120EBD004DFE4A /* GCTokenModel.h */,
				DD14F2471F11CDCA004DFE4A /* GCTokenModel.m */,
			);
			path = Model;
			sourceTree = "<group>";
		};
		D7F6B0AE1F1089130013090A /* Service */ = {
			isa = PBXGroup;
			children = (
				D7F6B0B11F1089400013090A /* OTWLoginService.h */,
				D7F6B0B21F1089400013090A /* OTWLoginService.m */,
			);
			path = Service;
			sourceTree = "<group>";
		};
		D7F6B0AF1F1089130013090A /* View */ = {
			isa = PBXGroup;
			children = (
			);
			path = View;
			sourceTree = "<group>";
		};
		D7F6B0C31F160E060013090A /* Helper */ = {
			isa = PBXGroup;
			children = (
				D7F6B0C41F160E590013090A /* OTWAlbumSelectHelper.h */,
				D7F6B0C51F160E590013090A /* OTWAlbumSelectHelper.m */,
			);
			path = Helper;
			sourceTree = "<group>";
		};
		D7F6B0C71F1626E60013090A /* Model */ = {
			isa = PBXGroup;
			children = (
				DDC0A9381F1F77D100A6E4DB /* OTWSystemNewsModel.h */,
				DDC0A9391F1F77D100A6E4DB /* OTWSystemNewsModel.m */,
			);
			path = Model;
			sourceTree = "<group>";
		};
		D7F6B0C81F1626E60013090A /* View */ = {
			isa = PBXGroup;
			children = (
				D7F6B0C91F1627000013090A /* OTWNewsCell.h */,
				D7F6B0CA1F1627000013090A /* OTWNewsCell.m */,
				B13ADA1E1F1C54F3008E889C /* OTWSystemNewsCell.h */,
				B13ADA1F1F1C5508008E889C /* OTWSystemNewsCell.m */,
				B13ADA211F1C564E008E889C /* OTWSystemNewsCellFrame.h */,
				B13ADA221F1C5660008E889C /* OTWSystemNewsCellFrame.m */,
			);
			path = View;
			sourceTree = "<group>";
		};
		DD0224A31F1131BC00AB65C9 /* NString */ = {
			isa = PBXGroup;
			children = (
				DD14F2391F1132FE004DFE4A /* NSString+RegexCategory.h */,
				DD14F23A1F1132FE004DFE4A /* NSString+RegexCategory.m */,
			);
			name = NString;
			sourceTree = "<group>";
		};
		DDC0A93D1F1F784200A6E4DB /* Service */ = {
			isa = PBXGroup;
			children = (
			);
			path = Service;
			sourceTree = "<group>";
		};
/* End PBXGroup section */

/* Begin PBXNativeTarget section */
		D7F6AFF01F0D32FA0013090A /* OnTheWay */ = {
			isa = PBXNativeTarget;
			buildConfigurationList = D7F6B01E1F0D32FB0013090A /* Build configuration list for PBXNativeTarget "OnTheWay" */;
			buildPhases = (
				00F4EB1065C34469AAB278BC /* [CP] Check Pods Manifest.lock */,
				D7F6AFED1F0D32FA0013090A /* Sources */,
				D7F6AFEE1F0D32FA0013090A /* Frameworks */,
				D7F6AFEF1F0D32FA0013090A /* Resources */,
				EA28F1191C604F5C08F8BD34 /* [CP] Embed Pods Frameworks */,
				E88E1A3932BA049627020712 /* [CP] Copy Pods Resources */,
			);
			buildRules = (
			);
			dependencies = (
			);
			name = OnTheWay;
			productName = OnTheWay;
			productReference = D7F6AFF11F0D32FB0013090A /* OnTheWay.app */;
			productType = "com.apple.product-type.application";
		};
		D7F6B0091F0D32FB0013090A /* OnTheWayTests */ = {
			isa = PBXNativeTarget;
			buildConfigurationList = D7F6B0211F0D32FB0013090A /* Build configuration list for PBXNativeTarget "OnTheWayTests" */;
			buildPhases = (
				D7F6B0061F0D32FB0013090A /* Sources */,
				D7F6B0071F0D32FB0013090A /* Frameworks */,
				D7F6B0081F0D32FB0013090A /* Resources */,
			);
			buildRules = (
			);
			dependencies = (
				D7F6B00C1F0D32FB0013090A /* PBXTargetDependency */,
			);
			name = OnTheWayTests;
			productName = OnTheWayTests;
			productReference = D7F6B00A1F0D32FB0013090A /* OnTheWayTests.xctest */;
			productType = "com.apple.product-type.bundle.unit-test";
		};
		D7F6B0141F0D32FB0013090A /* OnTheWayUITests */ = {
			isa = PBXNativeTarget;
			buildConfigurationList = D7F6B0241F0D32FB0013090A /* Build configuration list for PBXNativeTarget "OnTheWayUITests" */;
			buildPhases = (
				D7F6B0111F0D32FB0013090A /* Sources */,
				D7F6B0121F0D32FB0013090A /* Frameworks */,
				D7F6B0131F0D32FB0013090A /* Resources */,
			);
			buildRules = (
			);
			dependencies = (
				D7F6B0171F0D32FB0013090A /* PBXTargetDependency */,
			);
			name = OnTheWayUITests;
			productName = OnTheWayUITests;
			productReference = D7F6B0151F0D32FB0013090A /* OnTheWayUITests.xctest */;
			productType = "com.apple.product-type.bundle.ui-testing";
		};
/* End PBXNativeTarget section */

/* Begin PBXProject section */
		D7F6AFE91F0D32FA0013090A /* Project object */ = {
			isa = PBXProject;
			attributes = {
				LastUpgradeCheck = 0830;
				ORGANIZATIONNAME = WeiHuan;
				TargetAttributes = {
					D7F6AFF01F0D32FA0013090A = {
						CreatedOnToolsVersion = 8.3.3;
						DevelopmentTeam = SEMAPEJ292;
						ProvisioningStyle = Automatic;
					};
					D7F6B0091F0D32FB0013090A = {
						CreatedOnToolsVersion = 8.3.3;
						ProvisioningStyle = Automatic;
						TestTargetID = D7F6AFF01F0D32FA0013090A;
					};
					D7F6B0141F0D32FB0013090A = {
						CreatedOnToolsVersion = 8.3.3;
						ProvisioningStyle = Automatic;
						TestTargetID = D7F6AFF01F0D32FA0013090A;
					};
				};
			};
			buildConfigurationList = D7F6AFEC1F0D32FA0013090A /* Build configuration list for PBXProject "OnTheWay" */;
			compatibilityVersion = "Xcode 3.2";
			developmentRegion = English;
			hasScannedForEncodings = 0;
			knownRegions = (
				en,
				Base,
			);
			mainGroup = D7F6AFE81F0D32FA0013090A;
			productRefGroup = D7F6AFF21F0D32FB0013090A /* Products */;
			projectDirPath = "";
			projectRoot = "";
			targets = (
				D7F6AFF01F0D32FA0013090A /* OnTheWay */,
				D7F6B0091F0D32FB0013090A /* OnTheWayTests */,
				D7F6B0141F0D32FB0013090A /* OnTheWayUITests */,
			);
		};
/* End PBXProject section */

/* Begin PBXResourcesBuildPhase section */
		D7F6AFEF1F0D32FA0013090A /* Resources */ = {
			isa = PBXResourcesBuildPhase;
			buildActionMask = 2147483647;
			files = (
				DDDAE08F1F1CFA5B00981E60 /* OTWFootprintDetail.plist in Resources */,
				D7F6B0041F0D32FB0013090A /* LaunchScreen.storyboard in Resources */,
				18B034CD1F171ED300F53461 /* OTWFindBusinessmen.plist in Resources */,
				B13ADA281F1C9932008E889C /* OTWSystemNews.plist in Resources */,
				DDDAE0931F1F0D4C00981E60 /* Assets.xcassets in Resources */,
				DD9452F51F160CD7004EDDED /* OTWFootprintList.plist in Resources */,
			);
			runOnlyForDeploymentPostprocessing = 0;
		};
		D7F6B0081F0D32FB0013090A /* Resources */ = {
			isa = PBXResourcesBuildPhase;
			buildActionMask = 2147483647;
			files = (
			);
			runOnlyForDeploymentPostprocessing = 0;
		};
		D7F6B0131F0D32FB0013090A /* Resources */ = {
			isa = PBXResourcesBuildPhase;
			buildActionMask = 2147483647;
			files = (
			);
			runOnlyForDeploymentPostprocessing = 0;
		};
/* End PBXResourcesBuildPhase section */

/* Begin PBXShellScriptBuildPhase section */
		00F4EB1065C34469AAB278BC /* [CP] Check Pods Manifest.lock */ = {
			isa = PBXShellScriptBuildPhase;
			buildActionMask = 2147483647;
			files = (
			);
			inputPaths = (
				"${PODS_PODFILE_DIR_PATH}/Podfile.lock",
				"${PODS_ROOT}/Manifest.lock",
			);
			name = "[CP] Check Pods Manifest.lock";
			outputPaths = (
				"$(DERIVED_FILE_DIR)/Pods-OnTheWay-checkManifestLockResult.txt",
			);
			runOnlyForDeploymentPostprocessing = 0;
			shellPath = /bin/sh;
			shellScript = "diff \"${PODS_PODFILE_DIR_PATH}/Podfile.lock\" \"${PODS_ROOT}/Manifest.lock\" > /dev/null\nif [ $? != 0 ] ; then\n    # print error to STDERR\n    echo \"error: The sandbox is not in sync with the Podfile.lock. Run 'pod install' or update your CocoaPods installation.\" >&2\n    exit 1\nfi\n# This output is used by Xcode 'outputs' to avoid re-running this script phase.\necho \"SUCCESS\" > \"${SCRIPT_OUTPUT_FILE_0}\"\n";
			showEnvVarsInLog = 0;
		};
		E88E1A3932BA049627020712 /* [CP] Copy Pods Resources */ = {
			isa = PBXShellScriptBuildPhase;
			buildActionMask = 2147483647;
			files = (
			);
			inputPaths = (
				"${SRCROOT}/Pods/Target Support Files/Pods-OnTheWay/Pods-OnTheWay-resources.sh",
				"${PODS_ROOT}/IQKeyboardManager/IQKeyboardManager/Resources/IQKeyboardManager.bundle",
				"${PODS_ROOT}/MJRefresh/MJRefresh/MJRefresh.bundle",
				"${PODS_ROOT}/PYPhotoBrowser/PYPhotoBrowser/PYPhotosView.bundle",
			);
			name = "[CP] Copy Pods Resources";
			outputPaths = (
				"${TARGET_BUILD_DIR}/${UNLOCALIZED_RESOURCES_FOLDER_PATH}",
			);
			runOnlyForDeploymentPostprocessing = 0;
			shellPath = /bin/sh;
			shellScript = "\"${SRCROOT}/Pods/Target Support Files/Pods-OnTheWay/Pods-OnTheWay-resources.sh\"\n";
			showEnvVarsInLog = 0;
		};
		EA28F1191C604F5C08F8BD34 /* [CP] Embed Pods Frameworks */ = {
			isa = PBXShellScriptBuildPhase;
			buildActionMask = 2147483647;
			files = (
			);
			inputPaths = (
			);
			name = "[CP] Embed Pods Frameworks";
			outputPaths = (
			);
			runOnlyForDeploymentPostprocessing = 0;
			shellPath = /bin/sh;
			shellScript = "\"${SRCROOT}/Pods/Target Support Files/Pods-OnTheWay/Pods-OnTheWay-frameworks.sh\"\n";
			showEnvVarsInLog = 0;
		};
/* End PBXShellScriptBuildPhase section */

/* Begin PBXSourcesBuildPhase section */
		D7F6AFED1F0D32FA0013090A /* Sources */ = {
			isa = PBXSourcesBuildPhase;
			buildActionMask = 2147483647;
			files = (
				D7F6B0401F0D390D0013090A /* README.md in Sources */,
				DD14F2451F11CB5F004DFE4A /* GCTokenManager.m in Sources */,
				D7F6AFF91F0D32FB0013090A /* AppDelegate.m in Sources */,
				189954D51F1DAE4A004CCEBE /* OTWPersonalFootprintsListTableViewCell.m in Sources */,
				18B034BC1F14A42800F53461 /* OTWPersonalViewController.m in Sources */,
				189954CC1F1DAD5E004CCEBE /* OTWPersonalFootprintsListModel.m in Sources */,
				DDD4AB4E1F1B020400D42CF3 /* OTWCommentFrame.m in Sources */,
				D7F6B07B1F0DD41F0013090A /* OTWFootprintsViewController.m in Sources */,
				DD9452EE1F15CC29004EDDED /* OTWFootprintListModel.m in Sources */,
				DDABAA4B1F12801E00010532 /* OTWPersonalEditNicknameController.m in Sources */,
				D7F6B0431F0D39160013090A /* README.md in Sources */,
				D7F6B09D1F0F75770013090A /* OTWLaunchManager.m in Sources */,
				D7F6B0BC1F14E9E00013090A /* OTWCustomTabBarItem.m in Sources */,
				B13ADA201F1C5508008E889C /* OTWSystemNewsCell.m in Sources */,
				18B034B91F139C1500F53461 /* OTWPersonalSiteController.m in Sources */,
				D7F6B03D1F0D39060013090A /* README.md in Sources */,
				DD14F23B1F1132FE004DFE4A /* NSString+RegexCategory.m in Sources */,
				DD9452F01F15D139004EDDED /* OTWFootprintListTableViewCell.m in Sources */,
				D7F6B0811F0DD44C0013090A /* OTWARViewController.m in Sources */,
				D7F6B0B31F1089400013090A /* OTWLoginService.m in Sources */,
				DD14F2401F113654004DFE4A /* HmacUtils.m in Sources */,
				D7F6B0371F0D38EA0013090A /* README.md in Sources */,
				DD35209D1F188FBF00E8D725 /* OTWFootprintDetailViewCell.m in Sources */,
				18B034E41F1CE6B300F53461 /* OTWShopDetailsController.m in Sources */,
				DDB8C29A1F1320B90091E7B0 /* OTWPersonalInfoController.m in Sources */,
				D7F6B0491F0D39390013090A /* README.md in Sources */,
				D7F6B0781F0DD3F90013090A /* OTWNewsViewController.m in Sources */,
				D7F6B0C61F160E590013090A /* OTWAlbumSelectHelper.m in Sources */,
				D7F6B0A91F1081850013090A /* OTWNetworkManager.m in Sources */,
				DDD4AB4B1F1AFC6900D42CF3 /* OTWFootprintDetailFrame.m in Sources */,
				DDC0A93A1F1F77D100A6E4DB /* OTWSystemNewsModel.m in Sources */,
				D7F6B0B91F14E5C60013090A /* OTWCustomTabBar.m in Sources */,
				D7F6B0B61F10AA2D0013090A /* OTWLoginViewController.m in Sources */,
				DDB8C29F1F14AF230091E7B0 /* OTWUserModel.m in Sources */,
				D7F6B09A1F0F75510013090A /* OTWLaunchViewController.m in Sources */,
				18B034BF1F15C9BD00F53461 /* OTWFindViewCell.m in Sources */,
				D7F6B05E1F0DD1D80013090A /* OTWRootViewController.m in Sources */,
				DD35209A1F18715400E8D725 /* OTWCommentModel.m in Sources */,
				D7F6B0CB1F1627000013090A /* OTWNewsCell.m in Sources */,
				DD3520941F18670800E8D725 /* OTWFootprintDetailController.m in Sources */,
				D7F6B05B1F0DD0280013090A /* OTWBaseViewController.m in Sources */,
				B13ADA1D1F1B23DA008E889C /* OTWSystemNewsViewController.m in Sources */,
				D7F6B0581F0DCF040013090A /* UIColor+Utils.m in Sources */,
				DD9452F31F15DE23004EDDED /* OTWFootprintListFrame.m in Sources */,
				18B034CB1F171C0900F53461 /* OTWFindBusinessmenViewCell.m in Sources */,
				DD14F2431F114436004DFE4A /* CommonContact.m in Sources */,
				DD3520961F186E0700E8D725 /* OTWFootprintDetailModel.m in Sources */,
				D7F6B0461F0D39320013090A /* README.md in Sources */,
				18B034E11F1CE42700F53461 /* OTWFindViewController.m in Sources */,
				D7F6AFF61F0D32FB0013090A /* main.m in Sources */,
				18B034C51F171BC100F53461 /* OTWFindBusinessmenController.m in Sources */,
				D7F6B08B1F0DD5370013090A /* UIImage+Color.m in Sources */,
				DD14F2481F11CDCA004DFE4A /* GCTokenModel.m in Sources */,
				D7F6B0BF1F15C09E0013090A /* OTWTabBarController.m in Sources */,
				18B034C81F171BE400F53461 /* OTWFindBusinessmenModel.m in Sources */,
				189954C91F1DAD3C004CCEBE /* OTWPersonalFootprintsListController.m in Sources */,
				D7F6B04C1F0DCB9D0013090A /* OTWCustomNavigationBar.m in Sources */,
				189954C61F1CE986004CCEBE /* OTWShopDetailsViewCell.m in Sources */,
				B13ADA231F1C5660008E889C /* OTWSystemNewsCellFrame.m in Sources */,
				18B034C21F15CC3F00F53461 /* OTWFindModel.m in Sources */,
				D7F6B0541F0DCE420013090A /* UIView+Frame.m in Sources */,
				18BC9E441F1F716F00C7B6C1 /* OTWPersonalFootprintMonthDataModel.m in Sources */,
			);
			runOnlyForDeploymentPostprocessing = 0;
		};
		D7F6B0061F0D32FB0013090A /* Sources */ = {
			isa = PBXSourcesBuildPhase;
			buildActionMask = 2147483647;
			files = (
				D7F6B00F1F0D32FB0013090A /* OnTheWayTests.m in Sources */,
			);
			runOnlyForDeploymentPostprocessing = 0;
		};
		D7F6B0111F0D32FB0013090A /* Sources */ = {
			isa = PBXSourcesBuildPhase;
			buildActionMask = 2147483647;
			files = (
				D7F6B01A1F0D32FB0013090A /* OnTheWayUITests.m in Sources */,
			);
			runOnlyForDeploymentPostprocessing = 0;
		};
/* End PBXSourcesBuildPhase section */

/* Begin PBXTargetDependency section */
		D7F6B00C1F0D32FB0013090A /* PBXTargetDependency */ = {
			isa = PBXTargetDependency;
			target = D7F6AFF01F0D32FA0013090A /* OnTheWay */;
			targetProxy = D7F6B00B1F0D32FB0013090A /* PBXContainerItemProxy */;
		};
		D7F6B0171F0D32FB0013090A /* PBXTargetDependency */ = {
			isa = PBXTargetDependency;
			target = D7F6AFF01F0D32FA0013090A /* OnTheWay */;
			targetProxy = D7F6B0161F0D32FB0013090A /* PBXContainerItemProxy */;
		};
/* End PBXTargetDependency section */

/* Begin PBXVariantGroup section */
		D7F6B0021F0D32FB0013090A /* LaunchScreen.storyboard */ = {
			isa = PBXVariantGroup;
			children = (
				D7F6B0031F0D32FB0013090A /* Base */,
			);
			name = LaunchScreen.storyboard;
			sourceTree = "<group>";
		};
/* End PBXVariantGroup section */

/* Begin XCBuildConfiguration section */
		D7F6B01C1F0D32FB0013090A /* Debug */ = {
			isa = XCBuildConfiguration;
			buildSettings = {
				ALWAYS_SEARCH_USER_PATHS = NO;
				CLANG_ANALYZER_NONNULL = YES;
				CLANG_ANALYZER_NUMBER_OBJECT_CONVERSION = YES_AGGRESSIVE;
				CLANG_CXX_LANGUAGE_STANDARD = "gnu++0x";
				CLANG_CXX_LIBRARY = "libc++";
				CLANG_ENABLE_MODULES = YES;
				CLANG_ENABLE_OBJC_ARC = YES;
				CLANG_WARN_BOOL_CONVERSION = YES;
				CLANG_WARN_CONSTANT_CONVERSION = YES;
				CLANG_WARN_DIRECT_OBJC_ISA_USAGE = YES_ERROR;
				CLANG_WARN_DOCUMENTATION_COMMENTS = YES;
				CLANG_WARN_EMPTY_BODY = YES;
				CLANG_WARN_ENUM_CONVERSION = YES;
				CLANG_WARN_INFINITE_RECURSION = YES;
				CLANG_WARN_INT_CONVERSION = YES;
				CLANG_WARN_OBJC_ROOT_CLASS = YES_ERROR;
				CLANG_WARN_SUSPICIOUS_MOVE = YES;
				CLANG_WARN_UNREACHABLE_CODE = YES;
				CLANG_WARN__DUPLICATE_METHOD_MATCH = YES;
				"CODE_SIGN_IDENTITY[sdk=iphoneos*]" = "iPhone Developer";
				COPY_PHASE_STRIP = NO;
				DEBUG_INFORMATION_FORMAT = dwarf;
				ENABLE_STRICT_OBJC_MSGSEND = YES;
				ENABLE_TESTABILITY = YES;
				GCC_C_LANGUAGE_STANDARD = gnu99;
				GCC_DYNAMIC_NO_PIC = NO;
				GCC_NO_COMMON_BLOCKS = YES;
				GCC_OPTIMIZATION_LEVEL = 0;
				GCC_PREPROCESSOR_DEFINITIONS = (
					"DEBUG=1",
					"$(inherited)",
				);
				GCC_WARN_64_TO_32_BIT_CONVERSION = YES;
				GCC_WARN_ABOUT_RETURN_TYPE = YES_ERROR;
				GCC_WARN_UNDECLARED_SELECTOR = YES;
				GCC_WARN_UNINITIALIZED_AUTOS = YES_AGGRESSIVE;
				GCC_WARN_UNUSED_FUNCTION = YES;
				GCC_WARN_UNUSED_VARIABLE = YES;
				IPHONEOS_DEPLOYMENT_TARGET = 10.3;
				MTL_ENABLE_DEBUG_INFO = YES;
				ONLY_ACTIVE_ARCH = YES;
				SDKROOT = iphoneos;
				TARGETED_DEVICE_FAMILY = "1,2";
			};
			name = Debug;
		};
		D7F6B01D1F0D32FB0013090A /* Release */ = {
			isa = XCBuildConfiguration;
			buildSettings = {
				ALWAYS_SEARCH_USER_PATHS = NO;
				CLANG_ANALYZER_NONNULL = YES;
				CLANG_ANALYZER_NUMBER_OBJECT_CONVERSION = YES_AGGRESSIVE;
				CLANG_CXX_LANGUAGE_STANDARD = "gnu++0x";
				CLANG_CXX_LIBRARY = "libc++";
				CLANG_ENABLE_MODULES = YES;
				CLANG_ENABLE_OBJC_ARC = YES;
				CLANG_WARN_BOOL_CONVERSION = YES;
				CLANG_WARN_CONSTANT_CONVERSION = YES;
				CLANG_WARN_DIRECT_OBJC_ISA_USAGE = YES_ERROR;
				CLANG_WARN_DOCUMENTATION_COMMENTS = YES;
				CLANG_WARN_EMPTY_BODY = YES;
				CLANG_WARN_ENUM_CONVERSION = YES;
				CLANG_WARN_INFINITE_RECURSION = YES;
				CLANG_WARN_INT_CONVERSION = YES;
				CLANG_WARN_OBJC_ROOT_CLASS = YES_ERROR;
				CLANG_WARN_SUSPICIOUS_MOVE = YES;
				CLANG_WARN_UNREACHABLE_CODE = YES;
				CLANG_WARN__DUPLICATE_METHOD_MATCH = YES;
				"CODE_SIGN_IDENTITY[sdk=iphoneos*]" = "iPhone Developer";
				COPY_PHASE_STRIP = NO;
				DEBUG_INFORMATION_FORMAT = "dwarf-with-dsym";
				ENABLE_NS_ASSERTIONS = NO;
				ENABLE_STRICT_OBJC_MSGSEND = YES;
				GCC_C_LANGUAGE_STANDARD = gnu99;
				GCC_NO_COMMON_BLOCKS = YES;
				GCC_WARN_64_TO_32_BIT_CONVERSION = YES;
				GCC_WARN_ABOUT_RETURN_TYPE = YES_ERROR;
				GCC_WARN_UNDECLARED_SELECTOR = YES;
				GCC_WARN_UNINITIALIZED_AUTOS = YES_AGGRESSIVE;
				GCC_WARN_UNUSED_FUNCTION = YES;
				GCC_WARN_UNUSED_VARIABLE = YES;
				IPHONEOS_DEPLOYMENT_TARGET = 10.3;
				MTL_ENABLE_DEBUG_INFO = NO;
				SDKROOT = iphoneos;
				TARGETED_DEVICE_FAMILY = "1,2";
				VALIDATE_PRODUCT = YES;
			};
			name = Release;
		};
		D7F6B01F1F0D32FB0013090A /* Debug */ = {
			isa = XCBuildConfiguration;
			baseConfigurationReference = 4B8637730B7A7E4B6ADD9FEE /* Pods-OnTheWay.debug.xcconfig */;
			buildSettings = {
				ASSETCATALOG_COMPILER_APPICON_NAME = AppIcon;
				"CODE_SIGN_IDENTITY[sdk=iphoneos*]" = "iPhone Developer";
				DEVELOPMENT_TEAM = SEMAPEJ292;
				GCC_PREFIX_HEADER = "$(SRCROOT)/OnTheWay/PrefixHeader.pch";
				INFOPLIST_FILE = OnTheWay/Info.plist;
				IPHONEOS_DEPLOYMENT_TARGET = 8.0;
				LD_RUNPATH_SEARCH_PATHS = "$(inherited) @executable_path/Frameworks";
				PRODUCT_BUNDLE_IDENTIFIER = com.WeiHuan.OnTheWay;
				PRODUCT_NAME = "$(TARGET_NAME)";
				PROVISIONING_PROFILE = "";
				PROVISIONING_PROFILE_SPECIFIER = "";
			};
			name = Debug;
		};
		D7F6B0201F0D32FB0013090A /* Release */ = {
			isa = XCBuildConfiguration;
			baseConfigurationReference = 68C4FF114BC411D8C8AADB56 /* Pods-OnTheWay.release.xcconfig */;
			buildSettings = {
				ASSETCATALOG_COMPILER_APPICON_NAME = AppIcon;
				"CODE_SIGN_IDENTITY[sdk=iphoneos*]" = "iPhone Developer";
				DEVELOPMENT_TEAM = SEMAPEJ292;
				GCC_PREFIX_HEADER = "$(SRCROOT)/OnTheWay/PrefixHeader.pch";
				INFOPLIST_FILE = OnTheWay/Info.plist;
				IPHONEOS_DEPLOYMENT_TARGET = 8.0;
				LD_RUNPATH_SEARCH_PATHS = "$(inherited) @executable_path/Frameworks";
				PRODUCT_BUNDLE_IDENTIFIER = com.WeiHuan.OnTheWay;
				PRODUCT_NAME = "$(TARGET_NAME)";
				PROVISIONING_PROFILE_SPECIFIER = "";
			};
			name = Release;
		};
		D7F6B0221F0D32FB0013090A /* Debug */ = {
			isa = XCBuildConfiguration;
			buildSettings = {
				BUNDLE_LOADER = "$(TEST_HOST)";
				INFOPLIST_FILE = OnTheWayTests/Info.plist;
				LD_RUNPATH_SEARCH_PATHS = "$(inherited) @executable_path/Frameworks @loader_path/Frameworks";
				PRODUCT_BUNDLE_IDENTIFIER = com.WeiHuan.OnTheWayTests;
				PRODUCT_NAME = "$(TARGET_NAME)";
				TEST_HOST = "$(BUILT_PRODUCTS_DIR)/OnTheWay.app/OnTheWay";
			};
			name = Debug;
		};
		D7F6B0231F0D32FB0013090A /* Release */ = {
			isa = XCBuildConfiguration;
			buildSettings = {
				BUNDLE_LOADER = "$(TEST_HOST)";
				INFOPLIST_FILE = OnTheWayTests/Info.plist;
				LD_RUNPATH_SEARCH_PATHS = "$(inherited) @executable_path/Frameworks @loader_path/Frameworks";
				PRODUCT_BUNDLE_IDENTIFIER = com.WeiHuan.OnTheWayTests;
				PRODUCT_NAME = "$(TARGET_NAME)";
				TEST_HOST = "$(BUILT_PRODUCTS_DIR)/OnTheWay.app/OnTheWay";
			};
			name = Release;
		};
		D7F6B0251F0D32FB0013090A /* Debug */ = {
			isa = XCBuildConfiguration;
			buildSettings = {
				INFOPLIST_FILE = OnTheWayUITests/Info.plist;
				LD_RUNPATH_SEARCH_PATHS = "$(inherited) @executable_path/Frameworks @loader_path/Frameworks";
				PRODUCT_BUNDLE_IDENTIFIER = com.WeiHuan.OnTheWayUITests;
				PRODUCT_NAME = "$(TARGET_NAME)";
				TEST_TARGET_NAME = OnTheWay;
			};
			name = Debug;
		};
		D7F6B0261F0D32FB0013090A /* Release */ = {
			isa = XCBuildConfiguration;
			buildSettings = {
				INFOPLIST_FILE = OnTheWayUITests/Info.plist;
				LD_RUNPATH_SEARCH_PATHS = "$(inherited) @executable_path/Frameworks @loader_path/Frameworks";
				PRODUCT_BUNDLE_IDENTIFIER = com.WeiHuan.OnTheWayUITests;
				PRODUCT_NAME = "$(TARGET_NAME)";
				TEST_TARGET_NAME = OnTheWay;
			};
			name = Release;
		};
/* End XCBuildConfiguration section */

/* Begin XCConfigurationList section */
		D7F6AFEC1F0D32FA0013090A /* Build configuration list for PBXProject "OnTheWay" */ = {
			isa = XCConfigurationList;
			buildConfigurations = (
				D7F6B01C1F0D32FB0013090A /* Debug */,
				D7F6B01D1F0D32FB0013090A /* Release */,
			);
			defaultConfigurationIsVisible = 0;
			defaultConfigurationName = Release;
		};
		D7F6B01E1F0D32FB0013090A /* Build configuration list for PBXNativeTarget "OnTheWay" */ = {
			isa = XCConfigurationList;
			buildConfigurations = (
				D7F6B01F1F0D32FB0013090A /* Debug */,
				D7F6B0201F0D32FB0013090A /* Release */,
			);
			defaultConfigurationIsVisible = 0;
			defaultConfigurationName = Release;
		};
		D7F6B0211F0D32FB0013090A /* Build configuration list for PBXNativeTarget "OnTheWayTests" */ = {
			isa = XCConfigurationList;
			buildConfigurations = (
				D7F6B0221F0D32FB0013090A /* Debug */,
				D7F6B0231F0D32FB0013090A /* Release */,
			);
			defaultConfigurationIsVisible = 0;
			defaultConfigurationName = Release;
		};
		D7F6B0241F0D32FB0013090A /* Build configuration list for PBXNativeTarget "OnTheWayUITests" */ = {
			isa = XCConfigurationList;
			buildConfigurations = (
				D7F6B0251F0D32FB0013090A /* Debug */,
				D7F6B0261F0D32FB0013090A /* Release */,
			);
			defaultConfigurationIsVisible = 0;
			defaultConfigurationName = Release;
		};
/* End XCConfigurationList section */
	};
	rootObject = D7F6AFE91F0D32FA0013090A /* Project object */;
}
